// !$*UTF8*$!
{
	archiveVersion = 1;
	classes = {
	};
	objectVersion = 56;
	objects = {

/* Begin PBXBuildFile section */
		4B15AA182B465C6900FFBA1E /* DateHelper.swift in Sources */ = {isa = PBXBuildFile; fileRef = 4B15AA172B465C6900FFBA1E /* DateHelper.swift */; };
		4B15AA1A2B465FF300FFBA1E /* InspectionHelper.swift in Sources */ = {isa = PBXBuildFile; fileRef = 4B15AA192B465FF300FFBA1E /* InspectionHelper.swift */; };
		4B15AA1E2B46989300FFBA1E /* ValidationHelper.swift in Sources */ = {isa = PBXBuildFile; fileRef = 4B15AA1D2B46989300FFBA1E /* ValidationHelper.swift */; };
		4B196DE22B1DCE3900176D5B /* CustomURLSchemeDatasource.swift in Sources */ = {isa = PBXBuildFile; fileRef = 4B196DE12B1DCE3900176D5B /* CustomURLSchemeDatasource.swift */; };
		4B2C06582B19A3E300B9AC91 /* EnlargeImageView.swift in Sources */ = {isa = PBXBuildFile; fileRef = 4B2C06572B19A3E300B9AC91 /* EnlargeImageView.swift */; };
		4B2C065A2B19A40800B9AC91 /* EnlargeImageView.xib in Resources */ = {isa = PBXBuildFile; fileRef = 4B2C06592B19A40800B9AC91 /* EnlargeImageView.xib */; };
		4B2C065D2B19B7C600B9AC91 /* WSEvidenceContentView.swift in Sources */ = {isa = PBXBuildFile; fileRef = 4B2C065C2B19B7C600B9AC91 /* WSEvidenceContentView.swift */; };
		4B2C065F2B19B7D800B9AC91 /* WSEvidenceContentView.xib in Resources */ = {isa = PBXBuildFile; fileRef = 4B2C065E2B19B7D800B9AC91 /* WSEvidenceContentView.xib */; };
		4B36D2C02B1D821F0059EAD2 /* ParametersInfo.swift in Sources */ = {isa = PBXBuildFile; fileRef = 4B36D2BF2B1D821F0059EAD2 /* ParametersInfo.swift */; };
		4BBF048F2B591DD6007C0AFA /* AlertHelper.swift in Sources */ = {isa = PBXBuildFile; fileRef = 4BBF048E2B591DD6007C0AFA /* AlertHelper.swift */; };
		4BBF04912B591E82007C0AFA /* NavigationBarHelper.swift in Sources */ = {isa = PBXBuildFile; fileRef = 4BBF04902B591E82007C0AFA /* NavigationBarHelper.swift */; };
		4BC5918D2A7A417100163198 /* InspectionViewController.storyboard in Resources */ = {isa = PBXBuildFile; fileRef = 4BC5918C2A7A417100163198 /* InspectionViewController.storyboard */; };
		4BC5918F2A7A41CE00163198 /* InspectionViewController.swift in Sources */ = {isa = PBXBuildFile; fileRef = 4BC5918E2A7A41CE00163198 /* InspectionViewController.swift */; };
		4BC591912A7A43AF00163198 /* InspectionViewModel.swift in Sources */ = {isa = PBXBuildFile; fileRef = 4BC591902A7A43AF00163198 /* InspectionViewModel.swift */; };
		4BC591932A7A462400163198 /* AddInspectionItemView.xib in Resources */ = {isa = PBXBuildFile; fileRef = 4BC591922A7A462400163198 /* AddInspectionItemView.xib */; };
		4BC591952A7A463500163198 /* AddInspectionItemView.swift in Sources */ = {isa = PBXBuildFile; fileRef = 4BC591942A7A463500163198 /* AddInspectionItemView.swift */; };
		4BC591972A7A58FC00163198 /* ExitInspectionResultView.swift in Sources */ = {isa = PBXBuildFile; fileRef = 4BC591962A7A58FC00163198 /* ExitInspectionResultView.swift */; };
		4BC591992A7A591000163198 /* ExitInspectionResultView.xib in Resources */ = {isa = PBXBuildFile; fileRef = 4BC591982A7A591000163198 /* ExitInspectionResultView.xib */; };
		4BCAC05A2B311576007C1F5E /* PreviewDataSource.swift in Sources */ = {isa = PBXBuildFile; fileRef = 4BCAC0592B311576007C1F5E /* PreviewDataSource.swift */; };
		4BCAF11C2A93484200980D52 /* NavigationBarButtonView.xib in Resources */ = {isa = PBXBuildFile; fileRef = 4BCAF11B2A93484200980D52 /* NavigationBarButtonView.xib */; };
		4BCAF11E2A93486D00980D52 /* NavigationBarButtonView.swift in Sources */ = {isa = PBXBuildFile; fileRef = 4BCAF11D2A93486D00980D52 /* NavigationBarButtonView.swift */; };
		4BCAF1202A935CD300980D52 /* LogoutView.swift in Sources */ = {isa = PBXBuildFile; fileRef = 4BCAF11F2A935CD300980D52 /* LogoutView.swift */; };
		4BCAF1222A935CEA00980D52 /* LogoutView.xib in Resources */ = {isa = PBXBuildFile; fileRef = 4BCAF1212A935CEA00980D52 /* LogoutView.xib */; };
		4BCB06982AA084BC0021007A /* ApiDataSource.swift in Sources */ = {isa = PBXBuildFile; fileRef = 4BCB06972AA084BC0021007A /* ApiDataSource.swift */; };
		4BCB069D2AA095270021007A /* BaseApiRequest.swift in Sources */ = {isa = PBXBuildFile; fileRef = 4BCB069C2AA095270021007A /* BaseApiRequest.swift */; };
		4BCBC6FF2AA1695C0039B2B3 /* BaseApiRequestQuery.swift in Sources */ = {isa = PBXBuildFile; fileRef = 4BCBC6FE2AA1695C0039B2B3 /* BaseApiRequestQuery.swift */; };
		4BCBC7032AA169B60039B2B3 /* BaseApiDataParser.swift in Sources */ = {isa = PBXBuildFile; fileRef = 4BCBC7022AA169B60039B2B3 /* BaseApiDataParser.swift */; };
		4BCBC7072AA175B00039B2B3 /* ModelDataAssembly.swift in Sources */ = {isa = PBXBuildFile; fileRef = 4BCBC7062AA175B00039B2B3 /* ModelDataAssembly.swift */; };
		4BCD56C02A7B2E2000AC2882 /* DisplayCommentView.xib in Resources */ = {isa = PBXBuildFile; fileRef = 4BCD56BF2A7B2E2000AC2882 /* DisplayCommentView.xib */; };
		4BCD56C22A7B2E3300AC2882 /* DisplayCommentView.swift in Sources */ = {isa = PBXBuildFile; fileRef = 4BCD56C12A7B2E3300AC2882 /* DisplayCommentView.swift */; };
		4BCD56C42A7B303000AC2882 /* RegisterEvidenceView.swift in Sources */ = {isa = PBXBuildFile; fileRef = 4BCD56C32A7B303000AC2882 /* RegisterEvidenceView.swift */; };
		4BCD56C62A7B303D00AC2882 /* RegisterEvidenceView.xib in Resources */ = {isa = PBXBuildFile; fileRef = 4BCD56C52A7B303D00AC2882 /* RegisterEvidenceView.xib */; };
		4BD20A4B2B22ADCD005DDCFF /* SettingDatasource.swift in Sources */ = {isa = PBXBuildFile; fileRef = 4BD20A4A2B22ADCD005DDCFF /* SettingDatasource.swift */; };
		4BD381732A9D938400880308 /* InspectionItemService.swift in Sources */ = {isa = PBXBuildFile; fileRef = 4BD381722A9D938400880308 /* InspectionItemService.swift */; };
		4BD381762A9D93F400880308 /* InspectionViewInfo.swift in Sources */ = {isa = PBXBuildFile; fileRef = 4BD381752A9D93F400880308 /* InspectionViewInfo.swift */; };
		4BD5312B2B280E4C000D5376 /* SettingService.swift in Sources */ = {isa = PBXBuildFile; fileRef = 4BD5312A2B280E4C000D5376 /* SettingService.swift */; };
		4BD5312D2B283486000D5376 /* CustomURLSchemeService.swift in Sources */ = {isa = PBXBuildFile; fileRef = 4BD5312C2B283486000D5376 /* CustomURLSchemeService.swift */; };
		4BDF61CF2AA5AACB00FAA0FA /* RealmService.swift in Sources */ = {isa = PBXBuildFile; fileRef = 4BDF61CE2AA5AACB00FAA0FA /* RealmService.swift */; };
		4BE04E722B204C4900A01B69 /* GetInspectionItemApi.swift in Sources */ = {isa = PBXBuildFile; fileRef = 4BE04E712B204C4900A01B69 /* GetInspectionItemApi.swift */; };
		4BE21BBF2B4788DD00FA0BAB /* DialogHelper.swift in Sources */ = {isa = PBXBuildFile; fileRef = 4BE21BBE2B4788DD00FA0BAB /* DialogHelper.swift */; };
		4BE21BC12B47891E00FA0BAB /* LogHelper.swift in Sources */ = {isa = PBXBuildFile; fileRef = 4BE21BC02B47891E00FA0BAB /* LogHelper.swift */; };
		4BE21BC32B47897E00FA0BAB /* OrientationHelper.swift in Sources */ = {isa = PBXBuildFile; fileRef = 4BE21BC22B47897E00FA0BAB /* OrientationHelper.swift */; };
		4BE21BC52B4789C700FA0BAB /* ImageHelper.swift in Sources */ = {isa = PBXBuildFile; fileRef = 4BE21BC42B4789C700FA0BAB /* ImageHelper.swift */; };
		4BE21BC72B4789F900FA0BAB /* ApiHelper.swift in Sources */ = {isa = PBXBuildFile; fileRef = 4BE21BC62B4789F900FA0BAB /* ApiHelper.swift */; };
		4BE21BCB2B47D49C00FA0BAB /* ImageService.swift in Sources */ = {isa = PBXBuildFile; fileRef = 4BE21BCA2B47D49C00FA0BAB /* ImageService.swift */; };
		4BE2A8C02AC28E460079409A /* RegisterNGCommentView.swift in Sources */ = {isa = PBXBuildFile; fileRef = 4BE2A8BF2AC28E460079409A /* RegisterNGCommentView.swift */; };
		4BE2A8C22AC28E5D0079409A /* RegisterNGCommentView.xib in Resources */ = {isa = PBXBuildFile; fileRef = 4BE2A8C12AC28E5D0079409A /* RegisterNGCommentView.xib */; };
		4BE2C9932B2169C70049503B /* OCRInspectionItemView.swift in Sources */ = {isa = PBXBuildFile; fileRef = 4BE2C9922B2169C70049503B /* OCRInspectionItemView.swift */; };
		4BE2C9952B2169E40049503B /* OCRInspectionItemView.xib in Resources */ = {isa = PBXBuildFile; fileRef = 4BE2C9942B2169E40049503B /* OCRInspectionItemView.xib */; };
		4BE2C9972B216A1C0049503B /* AIInspectionItemView.swift in Sources */ = {isa = PBXBuildFile; fileRef = 4BE2C9962B216A1C0049503B /* AIInspectionItemView.swift */; };
		4BE2C9992B216A350049503B /* AIInspectionItemView.xib in Resources */ = {isa = PBXBuildFile; fileRef = 4BE2C9982B216A350049503B /* AIInspectionItemView.xib */; };
		4BE2C99B2B216A7A0049503B /* OtherInspectionItemView.swift in Sources */ = {isa = PBXBuildFile; fileRef = 4BE2C99A2B216A7A0049503B /* OtherInspectionItemView.swift */; };
		4BE2C99D2B216A940049503B /* OtherInspectionItemView.xib in Resources */ = {isa = PBXBuildFile; fileRef = 4BE2C99C2B216A940049503B /* OtherInspectionItemView.xib */; };
		4BE2C99F2B218D730049503B /* NewInspectionItemView.swift in Sources */ = {isa = PBXBuildFile; fileRef = 4BE2C99E2B218D730049503B /* NewInspectionItemView.swift */; };
		4BE2C9A12B218D920049503B /* NewInspectionItemView.xib in Resources */ = {isa = PBXBuildFile; fileRef = 4BE2C9A02B218D920049503B /* NewInspectionItemView.xib */; };
		4BE2C9A32B2193A60049503B /* SettingInfo.swift in Sources */ = {isa = PBXBuildFile; fileRef = 4BE2C9A22B2193A60049503B /* SettingInfo.swift */; };
		4BE6D6EC2B29395500F006EE /* ExampleImageDataSource.swift in Sources */ = {isa = PBXBuildFile; fileRef = 4BE6D6EB2B29395500F006EE /* ExampleImageDataSource.swift */; };
		4BE6D6F02B2977C800F006EE /* InspectionViewDataSource.swift in Sources */ = {isa = PBXBuildFile; fileRef = 4BE6D6EF2B2977C800F006EE /* InspectionViewDataSource.swift */; };
		4BF1D2DE2A6927C400A75AAE /* InspectionView.swift in Sources */ = {isa = PBXBuildFile; fileRef = 4BF1D2DD2A6927C400A75AAE /* InspectionView.swift */; };
		4BF1D2E02A69281700A75AAE /* InspectionView.xib in Resources */ = {isa = PBXBuildFile; fileRef = 4BF1D2DF2A69281700A75AAE /* InspectionView.xib */; };
		4BF2FC782B1976800090F00F /* StandbyViewController.storyboard in Resources */ = {isa = PBXBuildFile; fileRef = 4BF2FC772B1976800090F00F /* StandbyViewController.storyboard */; };
		4BF2FC7A2B1976C20090F00F /* StandbyViewController.swift in Sources */ = {isa = PBXBuildFile; fileRef = 4BF2FC792B1976C20090F00F /* StandbyViewController.swift */; };
		4BF2FFC02A9EE47800211E60 /* BackView.swift in Sources */ = {isa = PBXBuildFile; fileRef = 4BF2FFBF2A9EE47800211E60 /* BackView.swift */; };
		4BF2FFC22A9EE48D00211E60 /* BackView.xib in Resources */ = {isa = PBXBuildFile; fileRef = 4BF2FFC12A9EE48D00211E60 /* BackView.xib */; };
		4BF2FFD02A9F1AA200211E60 /* RealmObject.swift in Sources */ = {isa = PBXBuildFile; fileRef = 4BF2FFCF2A9F1AA200211E60 /* RealmObject.swift */; };
		4BF2FFD32A9F273300211E60 /* KeychainDataSource.swift in Sources */ = {isa = PBXBuildFile; fileRef = 4BF2FFD22A9F273300211E60 /* KeychainDataSource.swift */; };
		4BF2FFD52A9F276F00211E60 /* BaseRealmDataSource.swift in Sources */ = {isa = PBXBuildFile; fileRef = 4BF2FFD42A9F276F00211E60 /* BaseRealmDataSource.swift */; };
		4BF2FFDB2A9F280A00211E60 /* InspectionRealmDataSource.swift in Sources */ = {isa = PBXBuildFile; fileRef = 4BF2FFDA2A9F280A00211E60 /* InspectionRealmDataSource.swift */; };
		4BF2FFDD2A9F281F00211E60 /* InspectionItemRealmDataSource.swift in Sources */ = {isa = PBXBuildFile; fileRef = 4BF2FFDC2A9F281F00211E60 /* InspectionItemRealmDataSource.swift */; };
		64066A712A5D508D008B4FE4 /* ViewAssembly.swift in Sources */ = {isa = PBXBuildFile; fileRef = 64066A702A5D508D008B4FE4 /* ViewAssembly.swift */; };
		64066A732A5D50B2008B4FE4 /* ViewModelAssembly.swift in Sources */ = {isa = PBXBuildFile; fileRef = 64066A722A5D50B2008B4FE4 /* ViewModelAssembly.swift */; };
		64066A772A5D50E1008B4FE4 /* FileDirectory.swift in Sources */ = {isa = PBXBuildFile; fileRef = 64066A762A5D50E1008B4FE4 /* FileDirectory.swift */; };
		64066A8B2A5D532C008B4FE4 /* ModelConfiguration.swift in Sources */ = {isa = PBXBuildFile; fileRef = 64066A8A2A5D532C008B4FE4 /* ModelConfiguration.swift */; };
		64066A8F2A5D53DF008B4FE4 /* R.generated.swift in Sources */ = {isa = PBXBuildFile; fileRef = 64066A8E2A5D53DF008B4FE4 /* R.generated.swift */; };
		640BD69F2A6E384900748B36 /* DescriptionOfShootingView.xib in Resources */ = {isa = PBXBuildFile; fileRef = 640BD69E2A6E384900748B36 /* DescriptionOfShootingView.xib */; };
		640BD6A32A6E3A6A00748B36 /* DescriptionOfShootingView.swift in Sources */ = {isa = PBXBuildFile; fileRef = 640BD6A22A6E3A6A00748B36 /* DescriptionOfShootingView.swift */; };
		640DBE1D2A8489D600B3432A /* PreviewViewController.swift in Sources */ = {isa = PBXBuildFile; fileRef = 640DBE1C2A8489D600B3432A /* PreviewViewController.swift */; };
		640DBE1F2A848A4100B3432A /* PreviewViewModel.swift in Sources */ = {isa = PBXBuildFile; fileRef = 640DBE1E2A848A4100B3432A /* PreviewViewModel.swift */; };
		640DBE212A8498F500B3432A /* PreviewViewController.storyboard in Resources */ = {isa = PBXBuildFile; fileRef = 640DBE202A8498F500B3432A /* PreviewViewController.storyboard */; };
		641A45DE2A7A404900DBCAFD /* CameraViewModel.swift in Sources */ = {isa = PBXBuildFile; fileRef = 641A45DD2A7A404900DBCAFD /* CameraViewModel.swift */; };
		64279EAF2A67B6F900394CF4 /* CameraViewController.swift in Sources */ = {isa = PBXBuildFile; fileRef = 64279EAE2A67B6F900394CF4 /* CameraViewController.swift */; };
		64279EB42A67B90200394CF4 /* CameraViewController.storyboard in Resources */ = {isa = PBXBuildFile; fileRef = 64279EB32A67B90200394CF4 /* CameraViewController.storyboard */; };
		64494C3A2AA070CD00A4DF6C /* Extension.swift in Sources */ = {isa = PBXBuildFile; fileRef = 64494C392AA070CD00A4DF6C /* Extension.swift */; };
		64A6923F2AAADAED00FEEB0F /* CustomButton.swift in Sources */ = {isa = PBXBuildFile; fileRef = 64A6923E2AAADAED00FEEB0F /* CustomButton.swift */; };
		64C0C2E12A5BE21800F8E31E /* AppDelegate.swift in Sources */ = {isa = PBXBuildFile; fileRef = 64C0C2E02A5BE21800F8E31E /* AppDelegate.swift */; };
		64C0C2E32A5BE21800F8E31E /* SceneDelegate.swift in Sources */ = {isa = PBXBuildFile; fileRef = 64C0C2E22A5BE21800F8E31E /* SceneDelegate.swift */; };
		64C0C2EA2A5BE21800F8E31E /* Assets.xcassets in Resources */ = {isa = PBXBuildFile; fileRef = 64C0C2E92A5BE21800F8E31E /* Assets.xcassets */; };
		64C0C2ED2A5BE21800F8E31E /* LaunchScreen.storyboard in Resources */ = {isa = PBXBuildFile; fileRef = 64C0C2EB2A5BE21800F8E31E /* LaunchScreen.storyboard */; };
		64C0C2F82A5BE21900F8E31E /* OnSiteInspectionTests.swift in Sources */ = {isa = PBXBuildFile; fileRef = 64C0C2F72A5BE21900F8E31E /* OnSiteInspectionTests.swift */; };
		64C0C3022A5BE21900F8E31E /* OnSiteInspectionUITests.swift in Sources */ = {isa = PBXBuildFile; fileRef = 64C0C3012A5BE21900F8E31E /* OnSiteInspectionUITests.swift */; };
		64C0C3042A5BE21900F8E31E /* OnSiteInspectionUITestsLaunchTests.swift in Sources */ = {isa = PBXBuildFile; fileRef = 64C0C3032A5BE21900F8E31E /* OnSiteInspectionUITestsLaunchTests.swift */; };
		64DDE40E2A7CC57300C81A29 /* PreviewInfo.swift in Sources */ = {isa = PBXBuildFile; fileRef = 64DDE40D2A7CC57300C81A29 /* PreviewInfo.swift */; };
		64DDE4102A7CC82F00C81A29 /* DescriptionOfShootingInfo.swift in Sources */ = {isa = PBXBuildFile; fileRef = 64DDE40F2A7CC82F00C81A29 /* DescriptionOfShootingInfo.swift */; };
		64DDE4122A7CF5FB00C81A29 /* DescriptionOfShootingService.swift in Sources */ = {isa = PBXBuildFile; fileRef = 64DDE4112A7CF5FB00C81A29 /* DescriptionOfShootingService.swift */; };
		64EFC8B42AE1074C0032E9DF /* IndicatorView.swift in Sources */ = {isa = PBXBuildFile; fileRef = 64EFC8B32AE1074C0032E9DF /* IndicatorView.swift */; };
		64EFC8B62AE122FB0032E9DF /* IndicatorView.xib in Resources */ = {isa = PBXBuildFile; fileRef = 64EFC8B52AE122FB0032E9DF /* IndicatorView.xib */; };
		64EFF85A2AB04789000B678A /* CustomLabel.swift in Sources */ = {isa = PBXBuildFile; fileRef = 64EFF8592AB04789000B678A /* CustomLabel.swift */; };
		64F3A5B12ADE54A1007C67AE /* ApiService.swift in Sources */ = {isa = PBXBuildFile; fileRef = 64F3A5B02ADE54A1007C67AE /* ApiService.swift */; };
		64FC94A02AC3E83000C1D2D7 /* InspectionResultApi.swift in Sources */ = {isa = PBXBuildFile; fileRef = 64FC949F2AC3E83000C1D2D7 /* InspectionResultApi.swift */; };
		64FC94A22AC3F43100C1D2D7 /* BeginImageAnalysisApi.swift in Sources */ = {isa = PBXBuildFile; fileRef = 64FC94A12AC3F43100C1D2D7 /* BeginImageAnalysisApi.swift */; };
		64FC94A42AC4084400C1D2D7 /* GetAnalysisResultApi.swift in Sources */ = {isa = PBXBuildFile; fileRef = 64FC94A32AC4084400C1D2D7 /* GetAnalysisResultApi.swift */; };
		64FF1AE12A7B2F8F0025A904 /* CameraService.swift in Sources */ = {isa = PBXBuildFile; fileRef = 64FF1AE02A7B2F8F0025A904 /* CameraService.swift */; };
		64FF1AE62A7B6B7F0025A904 /* CameraInfo.swift in Sources */ = {isa = PBXBuildFile; fileRef = 64FF1AE52A7B6B7F0025A904 /* CameraInfo.swift */; };
		9F241BFC40AD83F124BE4E40 /* Pods_OnSiteInspection.framework in Frameworks */ = {isa = PBXBuildFile; fileRef = 957DFDDE14F45F09436A062D /* Pods_OnSiteInspection.framework */; };
/* End PBXBuildFile section */

/* Begin PBXContainerItemProxy section */
		64C0C2F42A5BE21900F8E31E /* PBXContainerItemProxy */ = {
			isa = PBXContainerItemProxy;
			containerPortal = 64C0C2D52A5BE21800F8E31E /* Project object */;
			proxyType = 1;
			remoteGlobalIDString = 64C0C2DC2A5BE21800F8E31E;
			remoteInfo = OnSiteInspection;
		};
		64C0C2FE2A5BE21900F8E31E /* PBXContainerItemProxy */ = {
			isa = PBXContainerItemProxy;
			containerPortal = 64C0C2D52A5BE21800F8E31E /* Project object */;
			proxyType = 1;
			remoteGlobalIDString = 64C0C2DC2A5BE21800F8E31E;
			remoteInfo = OnSiteInspection;
		};
/* End PBXContainerItemProxy section */

/* Begin PBXFileReference section */
		4B15AA172B465C6900FFBA1E /* DateHelper.swift */ = {isa = PBXFileReference; lastKnownFileType = sourcecode.swift; path = DateHelper.swift; sourceTree = "<group>"; };
		4B15AA192B465FF300FFBA1E /* InspectionHelper.swift */ = {isa = PBXFileReference; lastKnownFileType = sourcecode.swift; path = InspectionHelper.swift; sourceTree = "<group>"; };
		4B15AA1D2B46989300FFBA1E /* ValidationHelper.swift */ = {isa = PBXFileReference; lastKnownFileType = sourcecode.swift; path = ValidationHelper.swift; sourceTree = "<group>"; };
		4B196DE12B1DCE3900176D5B /* CustomURLSchemeDatasource.swift */ = {isa = PBXFileReference; lastKnownFileType = sourcecode.swift; path = CustomURLSchemeDatasource.swift; sourceTree = "<group>"; };
		4B2C06572B19A3E300B9AC91 /* EnlargeImageView.swift */ = {isa = PBXFileReference; lastKnownFileType = sourcecode.swift; path = EnlargeImageView.swift; sourceTree = "<group>"; };
		4B2C06592B19A40800B9AC91 /* EnlargeImageView.xib */ = {isa = PBXFileReference; lastKnownFileType = file.xib; path = EnlargeImageView.xib; sourceTree = "<group>"; };
		4B2C065C2B19B7C600B9AC91 /* WSEvidenceContentView.swift */ = {isa = PBXFileReference; lastKnownFileType = sourcecode.swift; path = WSEvidenceContentView.swift; sourceTree = "<group>"; };
		4B2C065E2B19B7D800B9AC91 /* WSEvidenceContentView.xib */ = {isa = PBXFileReference; lastKnownFileType = file.xib; path = WSEvidenceContentView.xib; sourceTree = "<group>"; };
		4B36D2BF2B1D821F0059EAD2 /* ParametersInfo.swift */ = {isa = PBXFileReference; lastKnownFileType = sourcecode.swift; path = ParametersInfo.swift; sourceTree = "<group>"; };
		4BBF048E2B591DD6007C0AFA /* AlertHelper.swift */ = {isa = PBXFileReference; lastKnownFileType = sourcecode.swift; path = AlertHelper.swift; sourceTree = "<group>"; };
		4BBF04902B591E82007C0AFA /* NavigationBarHelper.swift */ = {isa = PBXFileReference; lastKnownFileType = sourcecode.swift; path = NavigationBarHelper.swift; sourceTree = "<group>"; };
		4BC5918C2A7A417100163198 /* InspectionViewController.storyboard */ = {isa = PBXFileReference; lastKnownFileType = file.storyboard; path = InspectionViewController.storyboard; sourceTree = "<group>"; };
		4BC5918E2A7A41CE00163198 /* InspectionViewController.swift */ = {isa = PBXFileReference; lastKnownFileType = sourcecode.swift; path = InspectionViewController.swift; sourceTree = "<group>"; };
		4BC591902A7A43AF00163198 /* InspectionViewModel.swift */ = {isa = PBXFileReference; lastKnownFileType = sourcecode.swift; path = InspectionViewModel.swift; sourceTree = "<group>"; tabWidth = 3; };
		4BC591922A7A462400163198 /* AddInspectionItemView.xib */ = {isa = PBXFileReference; lastKnownFileType = file.xib; path = AddInspectionItemView.xib; sourceTree = "<group>"; };
		4BC591942A7A463500163198 /* AddInspectionItemView.swift */ = {isa = PBXFileReference; lastKnownFileType = sourcecode.swift; path = AddInspectionItemView.swift; sourceTree = "<group>"; };
		4BC591962A7A58FC00163198 /* ExitInspectionResultView.swift */ = {isa = PBXFileReference; lastKnownFileType = sourcecode.swift; path = ExitInspectionResultView.swift; sourceTree = "<group>"; };
		4BC591982A7A591000163198 /* ExitInspectionResultView.xib */ = {isa = PBXFileReference; lastKnownFileType = file.xib; path = ExitInspectionResultView.xib; sourceTree = "<group>"; };
		4BCAC0592B311576007C1F5E /* PreviewDataSource.swift */ = {isa = PBXFileReference; lastKnownFileType = sourcecode.swift; path = PreviewDataSource.swift; sourceTree = "<group>"; };
		4BCAF11B2A93484200980D52 /* NavigationBarButtonView.xib */ = {isa = PBXFileReference; lastKnownFileType = file.xib; path = NavigationBarButtonView.xib; sourceTree = "<group>"; };
		4BCAF11D2A93486D00980D52 /* NavigationBarButtonView.swift */ = {isa = PBXFileReference; lastKnownFileType = sourcecode.swift; path = NavigationBarButtonView.swift; sourceTree = "<group>"; };
		4BCAF11F2A935CD300980D52 /* LogoutView.swift */ = {isa = PBXFileReference; lastKnownFileType = sourcecode.swift; path = LogoutView.swift; sourceTree = "<group>"; };
		4BCAF1212A935CEA00980D52 /* LogoutView.xib */ = {isa = PBXFileReference; lastKnownFileType = file.xib; path = LogoutView.xib; sourceTree = "<group>"; };
		4BCB06972AA084BC0021007A /* ApiDataSource.swift */ = {isa = PBXFileReference; lastKnownFileType = sourcecode.swift; path = ApiDataSource.swift; sourceTree = "<group>"; };
		4BCB069C2AA095270021007A /* BaseApiRequest.swift */ = {isa = PBXFileReference; lastKnownFileType = sourcecode.swift; path = BaseApiRequest.swift; sourceTree = "<group>"; };
		4BCBC6FE2AA1695C0039B2B3 /* BaseApiRequestQuery.swift */ = {isa = PBXFileReference; lastKnownFileType = sourcecode.swift; path = BaseApiRequestQuery.swift; sourceTree = "<group>"; };
		4BCBC7022AA169B60039B2B3 /* BaseApiDataParser.swift */ = {isa = PBXFileReference; lastKnownFileType = sourcecode.swift; path = BaseApiDataParser.swift; sourceTree = "<group>"; };
		4BCBC7062AA175B00039B2B3 /* ModelDataAssembly.swift */ = {isa = PBXFileReference; lastKnownFileType = sourcecode.swift; path = ModelDataAssembly.swift; sourceTree = "<group>"; };
		4BCD56BF2A7B2E2000AC2882 /* DisplayCommentView.xib */ = {isa = PBXFileReference; lastKnownFileType = file.xib; path = DisplayCommentView.xib; sourceTree = "<group>"; };
		4BCD56C12A7B2E3300AC2882 /* DisplayCommentView.swift */ = {isa = PBXFileReference; lastKnownFileType = sourcecode.swift; path = DisplayCommentView.swift; sourceTree = "<group>"; };
		4BCD56C32A7B303000AC2882 /* RegisterEvidenceView.swift */ = {isa = PBXFileReference; lastKnownFileType = sourcecode.swift; path = RegisterEvidenceView.swift; sourceTree = "<group>"; };
		4BCD56C52A7B303D00AC2882 /* RegisterEvidenceView.xib */ = {isa = PBXFileReference; lastKnownFileType = file.xib; path = RegisterEvidenceView.xib; sourceTree = "<group>"; };
		4BD20A4A2B22ADCD005DDCFF /* SettingDatasource.swift */ = {isa = PBXFileReference; lastKnownFileType = sourcecode.swift; path = SettingDatasource.swift; sourceTree = "<group>"; };
		4BD381722A9D938400880308 /* InspectionItemService.swift */ = {isa = PBXFileReference; lastKnownFileType = sourcecode.swift; path = InspectionItemService.swift; sourceTree = "<group>"; };
		4BD381752A9D93F400880308 /* InspectionViewInfo.swift */ = {isa = PBXFileReference; lastKnownFileType = sourcecode.swift; path = InspectionViewInfo.swift; sourceTree = "<group>"; };
		4BD5312A2B280E4C000D5376 /* SettingService.swift */ = {isa = PBXFileReference; lastKnownFileType = sourcecode.swift; path = SettingService.swift; sourceTree = "<group>"; };
		4BD5312C2B283486000D5376 /* CustomURLSchemeService.swift */ = {isa = PBXFileReference; lastKnownFileType = sourcecode.swift; path = CustomURLSchemeService.swift; sourceTree = "<group>"; };
		4BDF61CE2AA5AACB00FAA0FA /* RealmService.swift */ = {isa = PBXFileReference; lastKnownFileType = sourcecode.swift; path = RealmService.swift; sourceTree = "<group>"; };
		4BE04E712B204C4900A01B69 /* GetInspectionItemApi.swift */ = {isa = PBXFileReference; lastKnownFileType = sourcecode.swift; path = GetInspectionItemApi.swift; sourceTree = "<group>"; };
		4BE21BBE2B4788DD00FA0BAB /* DialogHelper.swift */ = {isa = PBXFileReference; lastKnownFileType = sourcecode.swift; path = DialogHelper.swift; sourceTree = "<group>"; };
		4BE21BC02B47891E00FA0BAB /* LogHelper.swift */ = {isa = PBXFileReference; lastKnownFileType = sourcecode.swift; path = LogHelper.swift; sourceTree = "<group>"; };
		4BE21BC22B47897E00FA0BAB /* OrientationHelper.swift */ = {isa = PBXFileReference; lastKnownFileType = sourcecode.swift; path = OrientationHelper.swift; sourceTree = "<group>"; };
		4BE21BC42B4789C700FA0BAB /* ImageHelper.swift */ = {isa = PBXFileReference; lastKnownFileType = sourcecode.swift; path = ImageHelper.swift; sourceTree = "<group>"; };
		4BE21BC62B4789F900FA0BAB /* ApiHelper.swift */ = {isa = PBXFileReference; lastKnownFileType = sourcecode.swift; path = ApiHelper.swift; sourceTree = "<group>"; };
		4BE21BCA2B47D49C00FA0BAB /* ImageService.swift */ = {isa = PBXFileReference; lastKnownFileType = sourcecode.swift; path = ImageService.swift; sourceTree = "<group>"; };
		4BE2A8BF2AC28E460079409A /* RegisterNGCommentView.swift */ = {isa = PBXFileReference; lastKnownFileType = sourcecode.swift; path = RegisterNGCommentView.swift; sourceTree = "<group>"; };
		4BE2A8C12AC28E5D0079409A /* RegisterNGCommentView.xib */ = {isa = PBXFileReference; lastKnownFileType = file.xib; path = RegisterNGCommentView.xib; sourceTree = "<group>"; };
		4BE2C9922B2169C70049503B /* OCRInspectionItemView.swift */ = {isa = PBXFileReference; lastKnownFileType = sourcecode.swift; path = OCRInspectionItemView.swift; sourceTree = "<group>"; };
		4BE2C9942B2169E40049503B /* OCRInspectionItemView.xib */ = {isa = PBXFileReference; lastKnownFileType = file.xib; path = OCRInspectionItemView.xib; sourceTree = "<group>"; };
		4BE2C9962B216A1C0049503B /* AIInspectionItemView.swift */ = {isa = PBXFileReference; lastKnownFileType = sourcecode.swift; path = AIInspectionItemView.swift; sourceTree = "<group>"; };
		4BE2C9982B216A350049503B /* AIInspectionItemView.xib */ = {isa = PBXFileReference; lastKnownFileType = file.xib; path = AIInspectionItemView.xib; sourceTree = "<group>"; };
		4BE2C99A2B216A7A0049503B /* OtherInspectionItemView.swift */ = {isa = PBXFileReference; lastKnownFileType = sourcecode.swift; path = OtherInspectionItemView.swift; sourceTree = "<group>"; };
		4BE2C99C2B216A940049503B /* OtherInspectionItemView.xib */ = {isa = PBXFileReference; lastKnownFileType = file.xib; path = OtherInspectionItemView.xib; sourceTree = "<group>"; };
		4BE2C99E2B218D730049503B /* NewInspectionItemView.swift */ = {isa = PBXFileReference; lastKnownFileType = sourcecode.swift; path = NewInspectionItemView.swift; sourceTree = "<group>"; };
		4BE2C9A02B218D920049503B /* NewInspectionItemView.xib */ = {isa = PBXFileReference; lastKnownFileType = file.xib; path = NewInspectionItemView.xib; sourceTree = "<group>"; };
		4BE2C9A22B2193A60049503B /* SettingInfo.swift */ = {isa = PBXFileReference; lastKnownFileType = sourcecode.swift; path = SettingInfo.swift; sourceTree = "<group>"; };
		4BE6D6EB2B29395500F006EE /* ExampleImageDataSource.swift */ = {isa = PBXFileReference; lastKnownFileType = sourcecode.swift; path = ExampleImageDataSource.swift; sourceTree = "<group>"; };
		4BE6D6EF2B2977C800F006EE /* InspectionViewDataSource.swift */ = {isa = PBXFileReference; lastKnownFileType = sourcecode.swift; path = InspectionViewDataSource.swift; sourceTree = "<group>"; };
		4BF1D2DD2A6927C400A75AAE /* InspectionView.swift */ = {isa = PBXFileReference; lastKnownFileType = sourcecode.swift; path = InspectionView.swift; sourceTree = "<group>"; };
		4BF1D2DF2A69281700A75AAE /* InspectionView.xib */ = {isa = PBXFileReference; lastKnownFileType = file.xib; path = InspectionView.xib; sourceTree = "<group>"; };
		4BF2FC772B1976800090F00F /* StandbyViewController.storyboard */ = {isa = PBXFileReference; lastKnownFileType = file.storyboard; path = StandbyViewController.storyboard; sourceTree = "<group>"; };
		4BF2FC792B1976C20090F00F /* StandbyViewController.swift */ = {isa = PBXFileReference; lastKnownFileType = sourcecode.swift; path = StandbyViewController.swift; sourceTree = "<group>"; };
		4BF2FFBF2A9EE47800211E60 /* BackView.swift */ = {isa = PBXFileReference; lastKnownFileType = sourcecode.swift; path = BackView.swift; sourceTree = "<group>"; };
		4BF2FFC12A9EE48D00211E60 /* BackView.xib */ = {isa = PBXFileReference; lastKnownFileType = file.xib; path = BackView.xib; sourceTree = "<group>"; };
		4BF2FFCF2A9F1AA200211E60 /* RealmObject.swift */ = {isa = PBXFileReference; lastKnownFileType = sourcecode.swift; path = RealmObject.swift; sourceTree = "<group>"; };
		4BF2FFD22A9F273300211E60 /* KeychainDataSource.swift */ = {isa = PBXFileReference; lastKnownFileType = sourcecode.swift; path = KeychainDataSource.swift; sourceTree = "<group>"; };
		4BF2FFD42A9F276F00211E60 /* BaseRealmDataSource.swift */ = {isa = PBXFileReference; lastKnownFileType = sourcecode.swift; path = BaseRealmDataSource.swift; sourceTree = "<group>"; };
		4BF2FFDA2A9F280A00211E60 /* InspectionRealmDataSource.swift */ = {isa = PBXFileReference; lastKnownFileType = sourcecode.swift; path = InspectionRealmDataSource.swift; sourceTree = "<group>"; };
		4BF2FFDC2A9F281F00211E60 /* InspectionItemRealmDataSource.swift */ = {isa = PBXFileReference; lastKnownFileType = sourcecode.swift; path = InspectionItemRealmDataSource.swift; sourceTree = "<group>"; };
		64066A702A5D508D008B4FE4 /* ViewAssembly.swift */ = {isa = PBXFileReference; lastKnownFileType = sourcecode.swift; path = ViewAssembly.swift; sourceTree = "<group>"; };
		64066A722A5D50B2008B4FE4 /* ViewModelAssembly.swift */ = {isa = PBXFileReference; lastKnownFileType = sourcecode.swift; path = ViewModelAssembly.swift; sourceTree = "<group>"; };
		64066A762A5D50E1008B4FE4 /* FileDirectory.swift */ = {isa = PBXFileReference; lastKnownFileType = sourcecode.swift; path = FileDirectory.swift; sourceTree = "<group>"; };
		64066A8A2A5D532C008B4FE4 /* ModelConfiguration.swift */ = {isa = PBXFileReference; lastKnownFileType = sourcecode.swift; path = ModelConfiguration.swift; sourceTree = "<group>"; };
		64066A8E2A5D53DF008B4FE4 /* R.generated.swift */ = {isa = PBXFileReference; lastKnownFileType = sourcecode.swift; path = R.generated.swift; sourceTree = "<group>"; };
		640BD69E2A6E384900748B36 /* DescriptionOfShootingView.xib */ = {isa = PBXFileReference; lastKnownFileType = file.xib; path = DescriptionOfShootingView.xib; sourceTree = "<group>"; };
		640BD6A22A6E3A6A00748B36 /* DescriptionOfShootingView.swift */ = {isa = PBXFileReference; lastKnownFileType = sourcecode.swift; path = DescriptionOfShootingView.swift; sourceTree = "<group>"; };
		640DBE1C2A8489D600B3432A /* PreviewViewController.swift */ = {isa = PBXFileReference; lastKnownFileType = sourcecode.swift; path = PreviewViewController.swift; sourceTree = "<group>"; };
		640DBE1E2A848A4100B3432A /* PreviewViewModel.swift */ = {isa = PBXFileReference; lastKnownFileType = sourcecode.swift; path = PreviewViewModel.swift; sourceTree = "<group>"; };
		640DBE202A8498F500B3432A /* PreviewViewController.storyboard */ = {isa = PBXFileReference; lastKnownFileType = file.storyboard; path = PreviewViewController.storyboard; sourceTree = "<group>"; };
		641A45DD2A7A404900DBCAFD /* CameraViewModel.swift */ = {isa = PBXFileReference; lastKnownFileType = sourcecode.swift; path = CameraViewModel.swift; sourceTree = "<group>"; };
		64279EAE2A67B6F900394CF4 /* CameraViewController.swift */ = {isa = PBXFileReference; lastKnownFileType = sourcecode.swift; path = CameraViewController.swift; sourceTree = "<group>"; };
		64279EB32A67B90200394CF4 /* CameraViewController.storyboard */ = {isa = PBXFileReference; lastKnownFileType = file.storyboard; path = CameraViewController.storyboard; sourceTree = "<group>"; };
		64494C392AA070CD00A4DF6C /* Extension.swift */ = {isa = PBXFileReference; lastKnownFileType = sourcecode.swift; path = Extension.swift; sourceTree = "<group>"; };
		64A6923E2AAADAED00FEEB0F /* CustomButton.swift */ = {isa = PBXFileReference; lastKnownFileType = sourcecode.swift; path = CustomButton.swift; sourceTree = "<group>"; };
		64C0C2DD2A5BE21800F8E31E /* OnSiteInspection.app */ = {isa = PBXFileReference; explicitFileType = wrapper.application; includeInIndex = 0; path = OnSiteInspection.app; sourceTree = BUILT_PRODUCTS_DIR; };
		64C0C2E02A5BE21800F8E31E /* AppDelegate.swift */ = {isa = PBXFileReference; lastKnownFileType = sourcecode.swift; path = AppDelegate.swift; sourceTree = "<group>"; };
		64C0C2E22A5BE21800F8E31E /* SceneDelegate.swift */ = {isa = PBXFileReference; lastKnownFileType = sourcecode.swift; path = SceneDelegate.swift; sourceTree = "<group>"; };
		64C0C2E92A5BE21800F8E31E /* Assets.xcassets */ = {isa = PBXFileReference; lastKnownFileType = folder.assetcatalog; path = Assets.xcassets; sourceTree = "<group>"; };
		64C0C2EC2A5BE21800F8E31E /* Base */ = {isa = PBXFileReference; lastKnownFileType = file.storyboard; name = Base; path = Base.lproj/LaunchScreen.storyboard; sourceTree = "<group>"; };
		64C0C2EE2A5BE21800F8E31E /* Info.plist */ = {isa = PBXFileReference; lastKnownFileType = text.plist.xml; path = Info.plist; sourceTree = "<group>"; };
		64C0C2F32A5BE21900F8E31E /* OnSiteInspectionTests.xctest */ = {isa = PBXFileReference; explicitFileType = wrapper.cfbundle; includeInIndex = 0; path = OnSiteInspectionTests.xctest; sourceTree = BUILT_PRODUCTS_DIR; };
		64C0C2F72A5BE21900F8E31E /* OnSiteInspectionTests.swift */ = {isa = PBXFileReference; lastKnownFileType = sourcecode.swift; path = OnSiteInspectionTests.swift; sourceTree = "<group>"; };
		64C0C2FD2A5BE21900F8E31E /* OnSiteInspectionUITests.xctest */ = {isa = PBXFileReference; explicitFileType = wrapper.cfbundle; includeInIndex = 0; path = OnSiteInspectionUITests.xctest; sourceTree = BUILT_PRODUCTS_DIR; };
		64C0C3012A5BE21900F8E31E /* OnSiteInspectionUITests.swift */ = {isa = PBXFileReference; lastKnownFileType = sourcecode.swift; path = OnSiteInspectionUITests.swift; sourceTree = "<group>"; };
		64C0C3032A5BE21900F8E31E /* OnSiteInspectionUITestsLaunchTests.swift */ = {isa = PBXFileReference; lastKnownFileType = sourcecode.swift; path = OnSiteInspectionUITestsLaunchTests.swift; sourceTree = "<group>"; };
		64DDE40D2A7CC57300C81A29 /* PreviewInfo.swift */ = {isa = PBXFileReference; lastKnownFileType = sourcecode.swift; path = PreviewInfo.swift; sourceTree = "<group>"; };
		64DDE40F2A7CC82F00C81A29 /* DescriptionOfShootingInfo.swift */ = {isa = PBXFileReference; lastKnownFileType = sourcecode.swift; path = DescriptionOfShootingInfo.swift; sourceTree = "<group>"; };
		64DDE4112A7CF5FB00C81A29 /* DescriptionOfShootingService.swift */ = {isa = PBXFileReference; lastKnownFileType = sourcecode.swift; path = DescriptionOfShootingService.swift; sourceTree = "<group>"; };
		64EFC8B32AE1074C0032E9DF /* IndicatorView.swift */ = {isa = PBXFileReference; lastKnownFileType = sourcecode.swift; path = IndicatorView.swift; sourceTree = "<group>"; };
		64EFC8B52AE122FB0032E9DF /* IndicatorView.xib */ = {isa = PBXFileReference; lastKnownFileType = file.xib; path = IndicatorView.xib; sourceTree = "<group>"; };
		64EFF8592AB04789000B678A /* CustomLabel.swift */ = {isa = PBXFileReference; lastKnownFileType = sourcecode.swift; path = CustomLabel.swift; sourceTree = "<group>"; };
		64F3A5B02ADE54A1007C67AE /* ApiService.swift */ = {isa = PBXFileReference; lastKnownFileType = sourcecode.swift; path = ApiService.swift; sourceTree = "<group>"; };
		64FC949F2AC3E83000C1D2D7 /* InspectionResultApi.swift */ = {isa = PBXFileReference; lastKnownFileType = sourcecode.swift; path = InspectionResultApi.swift; sourceTree = "<group>"; };
		64FC94A12AC3F43100C1D2D7 /* BeginImageAnalysisApi.swift */ = {isa = PBXFileReference; lastKnownFileType = sourcecode.swift; path = BeginImageAnalysisApi.swift; sourceTree = "<group>"; };
		64FC94A32AC4084400C1D2D7 /* GetAnalysisResultApi.swift */ = {isa = PBXFileReference; lastKnownFileType = sourcecode.swift; path = GetAnalysisResultApi.swift; sourceTree = "<group>"; };
		64FF1AE02A7B2F8F0025A904 /* CameraService.swift */ = {isa = PBXFileReference; lastKnownFileType = sourcecode.swift; path = CameraService.swift; sourceTree = "<group>"; };
		64FF1AE52A7B6B7F0025A904 /* CameraInfo.swift */ = {isa = PBXFileReference; lastKnownFileType = sourcecode.swift; path = CameraInfo.swift; sourceTree = "<group>"; };
		6C739F46CA18461D200285A5 /* Pods-OnSiteInspection.debug.xcconfig */ = {isa = PBXFileReference; includeInIndex = 1; lastKnownFileType = text.xcconfig; name = "Pods-OnSiteInspection.debug.xcconfig"; path = "Target Support Files/Pods-OnSiteInspection/Pods-OnSiteInspection.debug.xcconfig"; sourceTree = "<group>"; };
		957DFDDE14F45F09436A062D /* Pods_OnSiteInspection.framework */ = {isa = PBXFileReference; explicitFileType = wrapper.framework; includeInIndex = 0; path = Pods_OnSiteInspection.framework; sourceTree = BUILT_PRODUCTS_DIR; };
		9E276FB64AE27D171FC6E354 /* Pods-OnSiteInspection.release.xcconfig */ = {isa = PBXFileReference; includeInIndex = 1; lastKnownFileType = text.xcconfig; name = "Pods-OnSiteInspection.release.xcconfig"; path = "Target Support Files/Pods-OnSiteInspection/Pods-OnSiteInspection.release.xcconfig"; sourceTree = "<group>"; };
/* End PBXFileReference section */

/* Begin PBXFrameworksBuildPhase section */
		64C0C2DA2A5BE21800F8E31E /* Frameworks */ = {
			isa = PBXFrameworksBuildPhase;
			buildActionMask = 2147483647;
			files = (
				9F241BFC40AD83F124BE4E40 /* Pods_OnSiteInspection.framework in Frameworks */,
			);
			runOnlyForDeploymentPostprocessing = 0;
		};
		64C0C2F02A5BE21900F8E31E /* Frameworks */ = {
			isa = PBXFrameworksBuildPhase;
			buildActionMask = 2147483647;
			files = (
			);
			runOnlyForDeploymentPostprocessing = 0;
		};
		64C0C2FA2A5BE21900F8E31E /* Frameworks */ = {
			isa = PBXFrameworksBuildPhase;
			buildActionMask = 2147483647;
			files = (
			);
			runOnlyForDeploymentPostprocessing = 0;
		};
/* End PBXFrameworksBuildPhase section */

/* Begin PBXGroup section */
		4A1CE1621FFF2B020F24A75D /* Frameworks */ = {
			isa = PBXGroup;
			children = (
				957DFDDE14F45F09436A062D /* Pods_OnSiteInspection.framework */,
			);
			name = Frameworks;
			sourceTree = "<group>";
		};
		4B891FF52A7394210034B2E1 /* Utility */ = {
			isa = PBXGroup;
			children = (
				64A6923E2AAADAED00FEEB0F /* CustomButton.swift */,
				64EFF8592AB04789000B678A /* CustomLabel.swift */,
				64EFC8B32AE1074C0032E9DF /* IndicatorView.swift */,
				64EFC8B52AE122FB0032E9DF /* IndicatorView.xib */,
			);
			path = Utility;
			sourceTree = "<group>";
		};
		4BCA13932A78FB550014CB57 /* Inspection */ = {
			isa = PBXGroup;
			children = (
				4BE2C9922B2169C70049503B /* OCRInspectionItemView.swift */,
				4BE2C9942B2169E40049503B /* OCRInspectionItemView.xib */,
				4BE2C9962B216A1C0049503B /* AIInspectionItemView.swift */,
				4BE2C9982B216A350049503B /* AIInspectionItemView.xib */,
				4BE2C99A2B216A7A0049503B /* OtherInspectionItemView.swift */,
				4BE2C99C2B216A940049503B /* OtherInspectionItemView.xib */,
				4BE2C99E2B218D730049503B /* NewInspectionItemView.swift */,
				4BE2C9A02B218D920049503B /* NewInspectionItemView.xib */,
				4BCD56C32A7B303000AC2882 /* RegisterEvidenceView.swift */,
				4BCD56C52A7B303D00AC2882 /* RegisterEvidenceView.xib */,
				4BE2A8BF2AC28E460079409A /* RegisterNGCommentView.swift */,
				4BE2A8C12AC28E5D0079409A /* RegisterNGCommentView.xib */,
				4BCD56C12A7B2E3300AC2882 /* DisplayCommentView.swift */,
				4BCD56BF2A7B2E2000AC2882 /* DisplayCommentView.xib */,
				4BC591962A7A58FC00163198 /* ExitInspectionResultView.swift */,
				4BC591982A7A591000163198 /* ExitInspectionResultView.xib */,
				4BC591942A7A463500163198 /* AddInspectionItemView.swift */,
				4BC591922A7A462400163198 /* AddInspectionItemView.xib */,
				4B2C065C2B19B7C600B9AC91 /* WSEvidenceContentView.swift */,
				4B2C065E2B19B7D800B9AC91 /* WSEvidenceContentView.xib */,
				4B2C06572B19A3E300B9AC91 /* EnlargeImageView.swift */,
				4B2C06592B19A40800B9AC91 /* EnlargeImageView.xib */,
				4BF1D2DD2A6927C400A75AAE /* InspectionView.swift */,
				4BF1D2DF2A69281700A75AAE /* InspectionView.xib */,
			);
			path = Inspection;
			sourceTree = "<group>";
		};
		4BCAF11A2A93480A00980D52 /* NavigationBar */ = {
			isa = PBXGroup;
			children = (
				4BCAF11D2A93486D00980D52 /* NavigationBarButtonView.swift */,
				4BCAF11B2A93484200980D52 /* NavigationBarButtonView.xib */,
				4BCAF11F2A935CD300980D52 /* LogoutView.swift */,
				4BCAF1212A935CEA00980D52 /* LogoutView.xib */,
				4BF2FFBF2A9EE47800211E60 /* BackView.swift */,
				4BF2FFC12A9EE48D00211E60 /* BackView.xib */,
			);
			path = NavigationBar;
			sourceTree = "<group>";
		};
		4BCB069B2AA095150021007A /* API */ = {
			isa = PBXGroup;
			children = (
				64FC949C2AC3E2A000C1D2D7 /* Base */,
				64FC949F2AC3E83000C1D2D7 /* InspectionResultApi.swift */,
				4BE04E712B204C4900A01B69 /* GetInspectionItemApi.swift */,
				64FC94A12AC3F43100C1D2D7 /* BeginImageAnalysisApi.swift */,
				64FC94A32AC4084400C1D2D7 /* GetAnalysisResultApi.swift */,
			);
			path = API;
			sourceTree = "<group>";
		};
		4BF2FFC92A9F16A400211E60 /* Data */ = {
			isa = PBXGroup;
			children = (
				64FF1AE42A7B6B730025A904 /* Entity */,
				4BF2FFCA2A9F16B300211E60 /* DataSource */,
			);
			path = Data;
			sourceTree = "<group>";
		};
		4BF2FFCA2A9F16B300211E60 /* DataSource */ = {
			isa = PBXGroup;
			children = (
				4BF2FFD12A9F26EF00211E60 /* KeyChain */,
				4BF2FFCE2A9F16EE00211E60 /* Realm */,
				4BF2FFCD2A9F16E100211E60 /* API */,
				4B196DE12B1DCE3900176D5B /* CustomURLSchemeDatasource.swift */,
				4BCAC0592B311576007C1F5E /* PreviewDataSource.swift */,
				4BD20A4A2B22ADCD005DDCFF /* SettingDatasource.swift */,
				4BE6D6EF2B2977C800F006EE /* InspectionViewDataSource.swift */,
			);
			path = DataSource;
			sourceTree = "<group>";
		};
		4BF2FFCD2A9F16E100211E60 /* API */ = {
			isa = PBXGroup;
			children = (
				4BCB06972AA084BC0021007A /* ApiDataSource.swift */,
			);
			path = API;
			sourceTree = "<group>";
		};
		4BF2FFCE2A9F16EE00211E60 /* Realm */ = {
			isa = PBXGroup;
			children = (
				4BF2FFD42A9F276F00211E60 /* BaseRealmDataSource.swift */,
				4BE6D6EB2B29395500F006EE /* ExampleImageDataSource.swift */,
				4BF2FFDA2A9F280A00211E60 /* InspectionRealmDataSource.swift */,
				4BF2FFDC2A9F281F00211E60 /* InspectionItemRealmDataSource.swift */,
			);
			path = Realm;
			sourceTree = "<group>";
		};
		4BF2FFD12A9F26EF00211E60 /* KeyChain */ = {
			isa = PBXGroup;
			children = (
				4BF2FFD22A9F273300211E60 /* KeychainDataSource.swift */,
			);
			path = KeyChain;
			sourceTree = "<group>";
		};
		640068942B463E6E0089039B /* Helper */ = {
			isa = PBXGroup;
			children = (
				4B15AA1D2B46989300FFBA1E /* ValidationHelper.swift */,
				4B15AA192B465FF300FFBA1E /* InspectionHelper.swift */,
				4B15AA172B465C6900FFBA1E /* DateHelper.swift */,
				4BE21BBE2B4788DD00FA0BAB /* DialogHelper.swift */,
				4BE21BC02B47891E00FA0BAB /* LogHelper.swift */,
				4BE21BC22B47897E00FA0BAB /* OrientationHelper.swift */,
				4BE21BC42B4789C700FA0BAB /* ImageHelper.swift */,
				4BE21BC62B4789F900FA0BAB /* ApiHelper.swift */,
				4BBF048E2B591DD6007C0AFA /* AlertHelper.swift */,
				4BBF04902B591E82007C0AFA /* NavigationBarHelper.swift */,
			);
			path = Helper;
			sourceTree = "<group>";
		};
		64066A6F2A5D4FEF008B4FE4 /* SharedObject */ = {
			isa = PBXGroup;
			children = (
				64C0C2E02A5BE21800F8E31E /* AppDelegate.swift */,
				64066A702A5D508D008B4FE4 /* ViewAssembly.swift */,
				64066A722A5D50B2008B4FE4 /* ViewModelAssembly.swift */,
				64066A762A5D50E1008B4FE4 /* FileDirectory.swift */,
				4BCBC7062AA175B00039B2B3 /* ModelDataAssembly.swift */,
				64066A8E2A5D53DF008B4FE4 /* R.generated.swift */,
				64494C392AA070CD00A4DF6C /* Extension.swift */,
			);
			path = SharedObject;
			sourceTree = "<group>";
		};
		64066A782A5D520B008B4FE4 /* View */ = {
			isa = PBXGroup;
			children = (
				4BC5918E2A7A41CE00163198 /* InspectionViewController.swift */,
				64279EAE2A67B6F900394CF4 /* CameraViewController.swift */,
				640DBE1C2A8489D600B3432A /* PreviewViewController.swift */,
				4BF2FC792B1976C20090F00F /* StandbyViewController.swift */,
			);
			path = View;
			sourceTree = "<group>";
		};
		64066A802A5D528D008B4FE4 /* ViewModel */ = {
			isa = PBXGroup;
			children = (
				4BC591902A7A43AF00163198 /* InspectionViewModel.swift */,
				641A45DD2A7A404900DBCAFD /* CameraViewModel.swift */,
				640DBE1E2A848A4100B3432A /* PreviewViewModel.swift */,
			);
			path = ViewModel;
			sourceTree = "<group>";
		};
		64066A8D2A5D53C1008B4FE4 /* Resources */ = {
			isa = PBXGroup;
			children = (
				640BD69D2A6E37C900748B36 /* CustomView */,
				64066A902A5D5407008B4FE4 /* Storyboard */,
			);
			path = Resources;
			sourceTree = "<group>";
		};
		64066A902A5D5407008B4FE4 /* Storyboard */ = {
			isa = PBXGroup;
			children = (
				64C0C2EB2A5BE21800F8E31E /* LaunchScreen.storyboard */,
				64279EB32A67B90200394CF4 /* CameraViewController.storyboard */,
				4BC5918C2A7A417100163198 /* InspectionViewController.storyboard */,
				640DBE202A8498F500B3432A /* PreviewViewController.storyboard */,
				4BF2FC772B1976800090F00F /* StandbyViewController.storyboard */,
			);
			path = Storyboard;
			sourceTree = "<group>";
		};
		640BD69D2A6E37C900748B36 /* CustomView */ = {
			isa = PBXGroup;
			children = (
				4BCAF11A2A93480A00980D52 /* NavigationBar */,
				4BCA13932A78FB550014CB57 /* Inspection */,
				4B891FF52A7394210034B2E1 /* Utility */,
				640BD6A12A6E3A2D00748B36 /* Camera */,
			);
			path = CustomView;
			sourceTree = "<group>";
		};
		640BD6A12A6E3A2D00748B36 /* Camera */ = {
			isa = PBXGroup;
			children = (
				640BD6A22A6E3A6A00748B36 /* DescriptionOfShootingView.swift */,
				640BD69E2A6E384900748B36 /* DescriptionOfShootingView.xib */,
			);
			path = Camera;
			sourceTree = "<group>";
		};
		64C0C2D42A5BE21800F8E31E = {
			isa = PBXGroup;
			children = (
				64C0C2DF2A5BE21800F8E31E /* OnSiteInspection */,
				64C0C2F62A5BE21900F8E31E /* OnSiteInspectionTests */,
				64C0C3002A5BE21900F8E31E /* OnSiteInspectionUITests */,
				64C0C2DE2A5BE21800F8E31E /* Products */,
				D8DF537B743556F7BBDEA087 /* Pods */,
				4A1CE1621FFF2B020F24A75D /* Frameworks */,
			);
			sourceTree = "<group>";
		};
		64C0C2DE2A5BE21800F8E31E /* Products */ = {
			isa = PBXGroup;
			children = (
				64C0C2DD2A5BE21800F8E31E /* OnSiteInspection.app */,
				64C0C2F32A5BE21900F8E31E /* OnSiteInspectionTests.xctest */,
				64C0C2FD2A5BE21900F8E31E /* OnSiteInspectionUITests.xctest */,
			);
			name = Products;
			sourceTree = "<group>";
		};
		64C0C2DF2A5BE21800F8E31E /* OnSiteInspection */ = {
			isa = PBXGroup;
			children = (
				64066A6F2A5D4FEF008B4FE4 /* SharedObject */,
				640068942B463E6E0089039B /* Helper */,
				64F9E62A2B16CFFF00076FE1 /* Service */,
				4BF2FFC92A9F16A400211E60 /* Data */,
				64066A8D2A5D53C1008B4FE4 /* Resources */,
				64066A802A5D528D008B4FE4 /* ViewModel */,
				64066A782A5D520B008B4FE4 /* View */,
				64C0C2E22A5BE21800F8E31E /* SceneDelegate.swift */,
				64C0C2E92A5BE21800F8E31E /* Assets.xcassets */,
				64C0C2EE2A5BE21800F8E31E /* Info.plist */,
			);
			path = OnSiteInspection;
			sourceTree = "<group>";
		};
		64C0C2F62A5BE21900F8E31E /* OnSiteInspectionTests */ = {
			isa = PBXGroup;
			children = (
				64C0C2F72A5BE21900F8E31E /* OnSiteInspectionTests.swift */,
			);
			path = OnSiteInspectionTests;
			sourceTree = "<group>";
		};
		64C0C3002A5BE21900F8E31E /* OnSiteInspectionUITests */ = {
			isa = PBXGroup;
			children = (
				64C0C3012A5BE21900F8E31E /* OnSiteInspectionUITests.swift */,
				64C0C3032A5BE21900F8E31E /* OnSiteInspectionUITestsLaunchTests.swift */,
			);
			path = OnSiteInspectionUITests;
			sourceTree = "<group>";
		};
		64F9E62A2B16CFFF00076FE1 /* Service */ = {
			isa = PBXGroup;
			children = (
				64FF1AE02A7B2F8F0025A904 /* CameraService.swift */,
				4BE21BCA2B47D49C00FA0BAB /* ImageService.swift */,
				4BD5312C2B283486000D5376 /* CustomURLSchemeService.swift */,
				4BD5312A2B280E4C000D5376 /* SettingService.swift */,
				64DDE4112A7CF5FB00C81A29 /* DescriptionOfShootingService.swift */,
				4BD381722A9D938400880308 /* InspectionItemService.swift */,
				4BDF61CE2AA5AACB00FAA0FA /* RealmService.swift */,
				64F3A5B02ADE54A1007C67AE /* ApiService.swift */,
			);
			path = Service;
			sourceTree = "<group>";
		};
		64FC949C2AC3E2A000C1D2D7 /* Base */ = {
			isa = PBXGroup;
			children = (
				4BCB069C2AA095270021007A /* BaseApiRequest.swift */,
				4BCBC7022AA169B60039B2B3 /* BaseApiDataParser.swift */,
				4BCBC6FE2AA1695C0039B2B3 /* BaseApiRequestQuery.swift */,
			);
			path = Base;
			sourceTree = "<group>";
		};
		64FF1AE42A7B6B730025A904 /* Entity */ = {
			isa = PBXGroup;
			children = (
				4BCB069B2AA095150021007A /* API */,
				64066A8A2A5D532C008B4FE4 /* ModelConfiguration.swift */,
				4BF2FFCF2A9F1AA200211E60 /* RealmObject.swift */,
				4BE2C9A22B2193A60049503B /* SettingInfo.swift */,
				4BD381752A9D93F400880308 /* InspectionViewInfo.swift */,
				4B36D2BF2B1D821F0059EAD2 /* ParametersInfo.swift */,
				64DDE40D2A7CC57300C81A29 /* PreviewInfo.swift */,
				64DDE40F2A7CC82F00C81A29 /* DescriptionOfShootingInfo.swift */,
				64FF1AE52A7B6B7F0025A904 /* CameraInfo.swift */,
			);
			path = Entity;
			sourceTree = "<group>";
		};
		D8DF537B743556F7BBDEA087 /* Pods */ = {
			isa = PBXGroup;
			children = (
				6C739F46CA18461D200285A5 /* Pods-OnSiteInspection.debug.xcconfig */,
				9E276FB64AE27D171FC6E354 /* Pods-OnSiteInspection.release.xcconfig */,
			);
			path = Pods;
			sourceTree = "<group>";
		};
/* End PBXGroup section */

/* Begin PBXNativeTarget section */
		64C0C2DC2A5BE21800F8E31E /* OnSiteInspection */ = {
			isa = PBXNativeTarget;
			buildConfigurationList = 64C0C3072A5BE21900F8E31E /* Build configuration list for PBXNativeTarget "OnSiteInspection" */;
			buildPhases = (
				312B54A33DE3B60D21E85A1B /* [CP] Check Pods Manifest.lock */,
				64C0C2D92A5BE21800F8E31E /* Sources */,
				64C0C2DA2A5BE21800F8E31E /* Frameworks */,
				64C0C2DB2A5BE21800F8E31E /* Resources */,
				31818B262901B8C8C1B6EC21 /* [CP] Embed Pods Frameworks */,
			);
			buildRules = (
			);
			dependencies = (
			);
			name = OnSiteInspection;
			productName = OnSiteInspection;
			productReference = 64C0C2DD2A5BE21800F8E31E /* OnSiteInspection.app */;
			productType = "com.apple.product-type.application";
		};
		64C0C2F22A5BE21900F8E31E /* OnSiteInspectionTests */ = {
			isa = PBXNativeTarget;
			buildConfigurationList = 64C0C30A2A5BE21900F8E31E /* Build configuration list for PBXNativeTarget "OnSiteInspectionTests" */;
			buildPhases = (
				64C0C2EF2A5BE21900F8E31E /* Sources */,
				64C0C2F02A5BE21900F8E31E /* Frameworks */,
				64C0C2F12A5BE21900F8E31E /* Resources */,
			);
			buildRules = (
			);
			dependencies = (
				64C0C2F52A5BE21900F8E31E /* PBXTargetDependency */,
			);
			name = OnSiteInspectionTests;
			productName = OnSiteInspectionTests;
			productReference = 64C0C2F32A5BE21900F8E31E /* OnSiteInspectionTests.xctest */;
			productType = "com.apple.product-type.bundle.unit-test";
		};
		64C0C2FC2A5BE21900F8E31E /* OnSiteInspectionUITests */ = {
			isa = PBXNativeTarget;
			buildConfigurationList = 64C0C30D2A5BE21900F8E31E /* Build configuration list for PBXNativeTarget "OnSiteInspectionUITests" */;
			buildPhases = (
				64C0C2F92A5BE21900F8E31E /* Sources */,
				64C0C2FA2A5BE21900F8E31E /* Frameworks */,
				64C0C2FB2A5BE21900F8E31E /* Resources */,
			);
			buildRules = (
			);
			dependencies = (
				64C0C2FF2A5BE21900F8E31E /* PBXTargetDependency */,
			);
			name = OnSiteInspectionUITests;
			productName = OnSiteInspectionUITests;
			productReference = 64C0C2FD2A5BE21900F8E31E /* OnSiteInspectionUITests.xctest */;
			productType = "com.apple.product-type.bundle.ui-testing";
		};
/* End PBXNativeTarget section */

/* Begin PBXProject section */
		64C0C2D52A5BE21800F8E31E /* Project object */ = {
			isa = PBXProject;
			attributes = {
				BuildIndependentTargetsInParallel = 1;
				LastSwiftUpdateCheck = 1400;
				LastUpgradeCheck = 1400;
				TargetAttributes = {
					64C0C2DC2A5BE21800F8E31E = {
						CreatedOnToolsVersion = 14.0;
					};
					64C0C2F22A5BE21900F8E31E = {
						CreatedOnToolsVersion = 14.0;
						TestTargetID = 64C0C2DC2A5BE21800F8E31E;
					};
					64C0C2FC2A5BE21900F8E31E = {
						CreatedOnToolsVersion = 14.0;
						TestTargetID = 64C0C2DC2A5BE21800F8E31E;
					};
				};
			};
			buildConfigurationList = 64C0C2D82A5BE21800F8E31E /* Build configuration list for PBXProject "OnSiteInspection" */;
			compatibilityVersion = "Xcode 14.0";
			developmentRegion = en;
			hasScannedForEncodings = 0;
			knownRegions = (
				en,
				Base,
			);
			mainGroup = 64C0C2D42A5BE21800F8E31E;
			productRefGroup = 64C0C2DE2A5BE21800F8E31E /* Products */;
			projectDirPath = "";
			projectRoot = "";
			targets = (
				64C0C2DC2A5BE21800F8E31E /* OnSiteInspection */,
				64C0C2F22A5BE21900F8E31E /* OnSiteInspectionTests */,
				64C0C2FC2A5BE21900F8E31E /* OnSiteInspectionUITests */,
			);
		};
/* End PBXProject section */

/* Begin PBXResourcesBuildPhase section */
		64C0C2DB2A5BE21800F8E31E /* Resources */ = {
			isa = PBXResourcesBuildPhase;
			buildActionMask = 2147483647;
			files = (
				4BE2C9A12B218D920049503B /* NewInspectionItemView.xib in Resources */,
				4B2C065F2B19B7D800B9AC91 /* WSEvidenceContentView.xib in Resources */,
				4BE2A8C22AC28E5D0079409A /* RegisterNGCommentView.xib in Resources */,
				64C0C2ED2A5BE21800F8E31E /* LaunchScreen.storyboard in Resources */,
				4BF1D2E02A69281700A75AAE /* InspectionView.xib in Resources */,
				4BE2C99D2B216A940049503B /* OtherInspectionItemView.xib in Resources */,
				64C0C2EA2A5BE21800F8E31E /* Assets.xcassets in Resources */,
				640BD69F2A6E384900748B36 /* DescriptionOfShootingView.xib in Resources */,
				64279EB42A67B90200394CF4 /* CameraViewController.storyboard in Resources */,
				4B2C065A2B19A40800B9AC91 /* EnlargeImageView.xib in Resources */,
				4BCD56C02A7B2E2000AC2882 /* DisplayCommentView.xib in Resources */,
				4BCD56C62A7B303D00AC2882 /* RegisterEvidenceView.xib in Resources */,
				4BF2FC782B1976800090F00F /* StandbyViewController.storyboard in Resources */,
				4BC591932A7A462400163198 /* AddInspectionItemView.xib in Resources */,
				64EFC8B62AE122FB0032E9DF /* IndicatorView.xib in Resources */,
				4BC591992A7A591000163198 /* ExitInspectionResultView.xib in Resources */,
				4BF2FFC22A9EE48D00211E60 /* BackView.xib in Resources */,
				4BE2C9992B216A350049503B /* AIInspectionItemView.xib in Resources */,
				4BCAF11C2A93484200980D52 /* NavigationBarButtonView.xib in Resources */,
				4BE2C9952B2169E40049503B /* OCRInspectionItemView.xib in Resources */,
				4BC5918D2A7A417100163198 /* InspectionViewController.storyboard in Resources */,
				4BCAF1222A935CEA00980D52 /* LogoutView.xib in Resources */,
				640DBE212A8498F500B3432A /* PreviewViewController.storyboard in Resources */,
			);
			runOnlyForDeploymentPostprocessing = 0;
		};
		64C0C2F12A5BE21900F8E31E /* Resources */ = {
			isa = PBXResourcesBuildPhase;
			buildActionMask = 2147483647;
			files = (
			);
			runOnlyForDeploymentPostprocessing = 0;
		};
		64C0C2FB2A5BE21900F8E31E /* Resources */ = {
			isa = PBXResourcesBuildPhase;
			buildActionMask = 2147483647;
			files = (
			);
			runOnlyForDeploymentPostprocessing = 0;
		};
/* End PBXResourcesBuildPhase section */

/* Begin PBXShellScriptBuildPhase section */
		312B54A33DE3B60D21E85A1B /* [CP] Check Pods Manifest.lock */ = {
			isa = PBXShellScriptBuildPhase;
			buildActionMask = 2147483647;
			files = (
			);
			inputFileListPaths = (
			);
			inputPaths = (
				"${PODS_PODFILE_DIR_PATH}/Podfile.lock",
				"${PODS_ROOT}/Manifest.lock",
			);
			name = "[CP] Check Pods Manifest.lock";
			outputFileListPaths = (
			);
			outputPaths = (
				"$(DERIVED_FILE_DIR)/Pods-OnSiteInspection-checkManifestLockResult.txt",
			);
			runOnlyForDeploymentPostprocessing = 0;
			shellPath = /bin/sh;
			shellScript = "diff \"${PODS_PODFILE_DIR_PATH}/Podfile.lock\" \"${PODS_ROOT}/Manifest.lock\" > /dev/null\nif [ $? != 0 ] ; then\n    # print error to STDERR\n    echo \"error: The sandbox is not in sync with the Podfile.lock. Run 'pod install' or update your CocoaPods installation.\" >&2\n    exit 1\nfi\n# This output is used by Xcode 'outputs' to avoid re-running this script phase.\necho \"SUCCESS\" > \"${SCRIPT_OUTPUT_FILE_0}\"\n";
			showEnvVarsInLog = 0;
		};
		31818B262901B8C8C1B6EC21 /* [CP] Embed Pods Frameworks */ = {
			isa = PBXShellScriptBuildPhase;
			buildActionMask = 2147483647;
			files = (
			);
			inputFileListPaths = (
				"${PODS_ROOT}/Target Support Files/Pods-OnSiteInspection/Pods-OnSiteInspection-frameworks-${CONFIGURATION}-input-files.xcfilelist",
			);
			name = "[CP] Embed Pods Frameworks";
			outputFileListPaths = (
				"${PODS_ROOT}/Target Support Files/Pods-OnSiteInspection/Pods-OnSiteInspection-frameworks-${CONFIGURATION}-output-files.xcfilelist",
			);
			runOnlyForDeploymentPostprocessing = 0;
			shellPath = /bin/sh;
			shellScript = "\"${PODS_ROOT}/Target Support Files/Pods-OnSiteInspection/Pods-OnSiteInspection-frameworks.sh\"\n";
			showEnvVarsInLog = 0;
		};
/* End PBXShellScriptBuildPhase section */

/* Begin PBXSourcesBuildPhase section */
		64C0C2D92A5BE21800F8E31E /* Sources */ = {
			isa = PBXSourcesBuildPhase;
			buildActionMask = 2147483647;
			files = (
				64C0C2E12A5BE21800F8E31E /* AppDelegate.swift in Sources */,
				64FC94A22AC3F43100C1D2D7 /* BeginImageAnalysisApi.swift in Sources */,
				4BE6D6EC2B29395500F006EE /* ExampleImageDataSource.swift in Sources */,
				4BE2C99F2B218D730049503B /* NewInspectionItemView.swift in Sources */,
				4BC591972A7A58FC00163198 /* ExitInspectionResultView.swift in Sources */,
				640BD6A32A6E3A6A00748B36 /* DescriptionOfShootingView.swift in Sources */,
				4BCAF1202A935CD300980D52 /* LogoutView.swift in Sources */,
				4BC591952A7A463500163198 /* AddInspectionItemView.swift in Sources */,
				4BF2FFD02A9F1AA200211E60 /* RealmObject.swift in Sources */,
				4BE2C9972B216A1C0049503B /* AIInspectionItemView.swift in Sources */,
				4BF2FC7A2B1976C20090F00F /* StandbyViewController.swift in Sources */,
				4BE21BCB2B47D49C00FA0BAB /* ImageService.swift in Sources */,
				64066A8B2A5D532C008B4FE4 /* ModelConfiguration.swift in Sources */,
				4B36D2C02B1D821F0059EAD2 /* ParametersInfo.swift in Sources */,
				64066A772A5D50E1008B4FE4 /* FileDirectory.swift in Sources */,
				4BCB06982AA084BC0021007A /* ApiDataSource.swift in Sources */,
				64066A8F2A5D53DF008B4FE4 /* R.generated.swift in Sources */,
				64DDE4122A7CF5FB00C81A29 /* DescriptionOfShootingService.swift in Sources */,
				4BE2C9A32B2193A60049503B /* SettingInfo.swift in Sources */,
				4BE21BBF2B4788DD00FA0BAB /* DialogHelper.swift in Sources */,
				4BCAC05A2B311576007C1F5E /* PreviewDataSource.swift in Sources */,
				4BC591912A7A43AF00163198 /* InspectionViewModel.swift in Sources */,
				4B15AA182B465C6900FFBA1E /* DateHelper.swift in Sources */,
				4BE21BC32B47897E00FA0BAB /* OrientationHelper.swift in Sources */,
				4BE2C99B2B216A7A0049503B /* OtherInspectionItemView.swift in Sources */,
				4BC5918F2A7A41CE00163198 /* InspectionViewController.swift in Sources */,
				4BF2FFC02A9EE47800211E60 /* BackView.swift in Sources */,
				64DDE4102A7CC82F00C81A29 /* DescriptionOfShootingInfo.swift in Sources */,
				4BD381762A9D93F400880308 /* InspectionViewInfo.swift in Sources */,
				4BF2FFDD2A9F281F00211E60 /* InspectionItemRealmDataSource.swift in Sources */,
				4BE21BC12B47891E00FA0BAB /* LogHelper.swift in Sources */,
				4BCD56C22A7B2E3300AC2882 /* DisplayCommentView.swift in Sources */,
				4BE04E722B204C4900A01B69 /* GetInspectionItemApi.swift in Sources */,
				4BD5312D2B283486000D5376 /* CustomURLSchemeService.swift in Sources */,
				64279EAF2A67B6F900394CF4 /* CameraViewController.swift in Sources */,
				4BCAF11E2A93486D00980D52 /* NavigationBarButtonView.swift in Sources */,
				64DDE40E2A7CC57300C81A29 /* PreviewInfo.swift in Sources */,
				4BD5312B2B280E4C000D5376 /* SettingService.swift in Sources */,
				4B15AA1A2B465FF300FFBA1E /* InspectionHelper.swift in Sources */,
				4BF2FFD52A9F276F00211E60 /* BaseRealmDataSource.swift in Sources */,
				4B2C06582B19A3E300B9AC91 /* EnlargeImageView.swift in Sources */,
				641A45DE2A7A404900DBCAFD /* CameraViewModel.swift in Sources */,
				64066A732A5D50B2008B4FE4 /* ViewModelAssembly.swift in Sources */,
				4BF2FFD32A9F273300211E60 /* KeychainDataSource.swift in Sources */,
				4BCB069D2AA095270021007A /* BaseApiRequest.swift in Sources */,
				4BCD56C42A7B303000AC2882 /* RegisterEvidenceView.swift in Sources */,
				64066A712A5D508D008B4FE4 /* ViewAssembly.swift in Sources */,
				64C0C2E32A5BE21800F8E31E /* SceneDelegate.swift in Sources */,
				4BD20A4B2B22ADCD005DDCFF /* SettingDatasource.swift in Sources */,
				4BE6D6F02B2977C800F006EE /* InspectionViewDataSource.swift in Sources */,
				4BCBC7032AA169B60039B2B3 /* BaseApiDataParser.swift in Sources */,
				4B2C065D2B19B7C600B9AC91 /* WSEvidenceContentView.swift in Sources */,
				64EFF85A2AB04789000B678A /* CustomLabel.swift in Sources */,
				4BCBC7072AA175B00039B2B3 /* ModelDataAssembly.swift in Sources */,
				64F3A5B12ADE54A1007C67AE /* ApiService.swift in Sources */,
				64FF1AE62A7B6B7F0025A904 /* CameraInfo.swift in Sources */,
				4B196DE22B1DCE3900176D5B /* CustomURLSchemeDatasource.swift in Sources */,
				4BBF048F2B591DD6007C0AFA /* AlertHelper.swift in Sources */,
				4B15AA1E2B46989300FFBA1E /* ValidationHelper.swift in Sources */,
				640DBE1D2A8489D600B3432A /* PreviewViewController.swift in Sources */,
				64FC94A42AC4084400C1D2D7 /* GetAnalysisResultApi.swift in Sources */,
				640DBE1F2A848A4100B3432A /* PreviewViewModel.swift in Sources */,
				64EFC8B42AE1074C0032E9DF /* IndicatorView.swift in Sources */,
				4BF2FFDB2A9F280A00211E60 /* InspectionRealmDataSource.swift in Sources */,
				4BF1D2DE2A6927C400A75AAE /* InspectionView.swift in Sources */,
				4BE2A8C02AC28E460079409A /* RegisterNGCommentView.swift in Sources */,
				4BDF61CF2AA5AACB00FAA0FA /* RealmService.swift in Sources */,
				64494C3A2AA070CD00A4DF6C /* Extension.swift in Sources */,
				64A6923F2AAADAED00FEEB0F /* CustomButton.swift in Sources */,
				4BCBC6FF2AA1695C0039B2B3 /* BaseApiRequestQuery.swift in Sources */,
				64FC94A02AC3E83000C1D2D7 /* InspectionResultApi.swift in Sources */,
				4BBF04912B591E82007C0AFA /* NavigationBarHelper.swift in Sources */,
				4BE21BC72B4789F900FA0BAB /* ApiHelper.swift in Sources */,
				4BD381732A9D938400880308 /* InspectionItemService.swift in Sources */,
				4BE2C9932B2169C70049503B /* OCRInspectionItemView.swift in Sources */,
				64FF1AE12A7B2F8F0025A904 /* CameraService.swift in Sources */,
				4BE21BC52B4789C700FA0BAB /* ImageHelper.swift in Sources */,
			);
			runOnlyForDeploymentPostprocessing = 0;
		};
		64C0C2EF2A5BE21900F8E31E /* Sources */ = {
			isa = PBXSourcesBuildPhase;
			buildActionMask = 2147483647;
			files = (
				64C0C2F82A5BE21900F8E31E /* OnSiteInspectionTests.swift in Sources */,
			);
			runOnlyForDeploymentPostprocessing = 0;
		};
		64C0C2F92A5BE21900F8E31E /* Sources */ = {
			isa = PBXSourcesBuildPhase;
			buildActionMask = 2147483647;
			files = (
				64C0C3042A5BE21900F8E31E /* OnSiteInspectionUITestsLaunchTests.swift in Sources */,
				64C0C3022A5BE21900F8E31E /* OnSiteInspectionUITests.swift in Sources */,
			);
			runOnlyForDeploymentPostprocessing = 0;
		};
/* End PBXSourcesBuildPhase section */

/* Begin PBXTargetDependency section */
		64C0C2F52A5BE21900F8E31E /* PBXTargetDependency */ = {
			isa = PBXTargetDependency;
			target = 64C0C2DC2A5BE21800F8E31E /* OnSiteInspection */;
			targetProxy = 64C0C2F42A5BE21900F8E31E /* PBXContainerItemProxy */;
		};
		64C0C2FF2A5BE21900F8E31E /* PBXTargetDependency */ = {
			isa = PBXTargetDependency;
			target = 64C0C2DC2A5BE21800F8E31E /* OnSiteInspection */;
			targetProxy = 64C0C2FE2A5BE21900F8E31E /* PBXContainerItemProxy */;
		};
/* End PBXTargetDependency section */

/* Begin PBXVariantGroup section */
		64C0C2EB2A5BE21800F8E31E /* LaunchScreen.storyboard */ = {
			isa = PBXVariantGroup;
			children = (
				64C0C2EC2A5BE21800F8E31E /* Base */,
			);
			name = LaunchScreen.storyboard;
			sourceTree = "<group>";
		};
/* End PBXVariantGroup section */

/* Begin XCBuildConfiguration section */
		64C0C3052A5BE21900F8E31E /* Debug */ = {
			isa = XCBuildConfiguration;
			buildSettings = {
				ALWAYS_SEARCH_USER_PATHS = NO;
				CLANG_ANALYZER_NONNULL = YES;
				CLANG_ANALYZER_NUMBER_OBJECT_CONVERSION = YES_AGGRESSIVE;
				CLANG_CXX_LANGUAGE_STANDARD = "gnu++20";
				CLANG_ENABLE_MODULES = YES;
				CLANG_ENABLE_OBJC_ARC = YES;
				CLANG_ENABLE_OBJC_WEAK = YES;
				CLANG_WARN_BLOCK_CAPTURE_AUTORELEASING = YES;
				CLANG_WARN_BOOL_CONVERSION = YES;
				CLANG_WARN_COMMA = YES;
				CLANG_WARN_CONSTANT_CONVERSION = YES;
				CLANG_WARN_DEPRECATED_OBJC_IMPLEMENTATIONS = YES;
				CLANG_WARN_DIRECT_OBJC_ISA_USAGE = YES_ERROR;
				CLANG_WARN_DOCUMENTATION_COMMENTS = YES;
				CLANG_WARN_EMPTY_BODY = YES;
				CLANG_WARN_ENUM_CONVERSION = YES;
				CLANG_WARN_INFINITE_RECURSION = YES;
				CLANG_WARN_INT_CONVERSION = YES;
				CLANG_WARN_NON_LITERAL_NULL_CONVERSION = YES;
				CLANG_WARN_OBJC_IMPLICIT_RETAIN_SELF = YES;
				CLANG_WARN_OBJC_LITERAL_CONVERSION = YES;
				CLANG_WARN_OBJC_ROOT_CLASS = YES_ERROR;
				CLANG_WARN_QUOTED_INCLUDE_IN_FRAMEWORK_HEADER = YES;
				CLANG_WARN_RANGE_LOOP_ANALYSIS = YES;
				CLANG_WARN_STRICT_PROTOTYPES = YES;
				CLANG_WARN_SUSPICIOUS_MOVE = YES;
				CLANG_WARN_UNGUARDED_AVAILABILITY = YES_AGGRESSIVE;
				CLANG_WARN_UNREACHABLE_CODE = YES;
				CLANG_WARN__DUPLICATE_METHOD_MATCH = YES;
				COPY_PHASE_STRIP = NO;
				DEBUG_INFORMATION_FORMAT = dwarf;
				ENABLE_STRICT_OBJC_MSGSEND = YES;
				ENABLE_TESTABILITY = YES;
				GCC_C_LANGUAGE_STANDARD = gnu11;
				GCC_DYNAMIC_NO_PIC = NO;
				GCC_NO_COMMON_BLOCKS = YES;
				GCC_OPTIMIZATION_LEVEL = 0;
				GCC_PREPROCESSOR_DEFINITIONS = (
					"DEBUG=1",
					"$(inherited)",
				);
				GCC_WARN_64_TO_32_BIT_CONVERSION = YES;
				GCC_WARN_ABOUT_RETURN_TYPE = YES_ERROR;
				GCC_WARN_UNDECLARED_SELECTOR = YES;
				GCC_WARN_UNINITIALIZED_AUTOS = YES_AGGRESSIVE;
				GCC_WARN_UNUSED_FUNCTION = YES;
				GCC_WARN_UNUSED_VARIABLE = YES;
				IPHONEOS_DEPLOYMENT_TARGET = 17.0;
				MTL_ENABLE_DEBUG_INFO = INCLUDE_SOURCE;
				MTL_FAST_MATH = YES;
				ONLY_ACTIVE_ARCH = YES;
				SDKROOT = iphoneos;
				SWIFT_ACTIVE_COMPILATION_CONDITIONS = DEBUG;
				SWIFT_OPTIMIZATION_LEVEL = "-Onone";
			};
			name = Debug;
		};
		64C0C3062A5BE21900F8E31E /* Release */ = {
			isa = XCBuildConfiguration;
			buildSettings = {
				ALWAYS_SEARCH_USER_PATHS = NO;
				CLANG_ANALYZER_NONNULL = YES;
				CLANG_ANALYZER_NUMBER_OBJECT_CONVERSION = YES_AGGRESSIVE;
				CLANG_CXX_LANGUAGE_STANDARD = "gnu++20";
				CLANG_ENABLE_MODULES = YES;
				CLANG_ENABLE_OBJC_ARC = YES;
				CLANG_ENABLE_OBJC_WEAK = YES;
				CLANG_WARN_BLOCK_CAPTURE_AUTORELEASING = YES;
				CLANG_WARN_BOOL_CONVERSION = YES;
				CLANG_WARN_COMMA = YES;
				CLANG_WARN_CONSTANT_CONVERSION = YES;
				CLANG_WARN_DEPRECATED_OBJC_IMPLEMENTATIONS = YES;
				CLANG_WARN_DIRECT_OBJC_ISA_USAGE = YES_ERROR;
				CLANG_WARN_DOCUMENTATION_COMMENTS = YES;
				CLANG_WARN_EMPTY_BODY = YES;
				CLANG_WARN_ENUM_CONVERSION = YES;
				CLANG_WARN_INFINITE_RECURSION = YES;
				CLANG_WARN_INT_CONVERSION = YES;
				CLANG_WARN_NON_LITERAL_NULL_CONVERSION = YES;
				CLANG_WARN_OBJC_IMPLICIT_RETAIN_SELF = YES;
				CLANG_WARN_OBJC_LITERAL_CONVERSION = YES;
				CLANG_WARN_OBJC_ROOT_CLASS = YES_ERROR;
				CLANG_WARN_QUOTED_INCLUDE_IN_FRAMEWORK_HEADER = YES;
				CLANG_WARN_RANGE_LOOP_ANALYSIS = YES;
				CLANG_WARN_STRICT_PROTOTYPES = YES;
				CLANG_WARN_SUSPICIOUS_MOVE = YES;
				CLANG_WARN_UNGUARDED_AVAILABILITY = YES_AGGRESSIVE;
				CLANG_WARN_UNREACHABLE_CODE = YES;
				CLANG_WARN__DUPLICATE_METHOD_MATCH = YES;
				COPY_PHASE_STRIP = NO;
				DEBUG_INFORMATION_FORMAT = "dwarf-with-dsym";
				ENABLE_NS_ASSERTIONS = NO;
				ENABLE_STRICT_OBJC_MSGSEND = YES;
				GCC_C_LANGUAGE_STANDARD = gnu11;
				GCC_NO_COMMON_BLOCKS = YES;
				GCC_WARN_64_TO_32_BIT_CONVERSION = YES;
				GCC_WARN_ABOUT_RETURN_TYPE = YES_ERROR;
				GCC_WARN_UNDECLARED_SELECTOR = YES;
				GCC_WARN_UNINITIALIZED_AUTOS = YES_AGGRESSIVE;
				GCC_WARN_UNUSED_FUNCTION = YES;
				GCC_WARN_UNUSED_VARIABLE = YES;
				IPHONEOS_DEPLOYMENT_TARGET = 17.0;
				MTL_ENABLE_DEBUG_INFO = NO;
				MTL_FAST_MATH = YES;
				SDKROOT = iphoneos;
				SWIFT_COMPILATION_MODE = wholemodule;
				SWIFT_OPTIMIZATION_LEVEL = "-O";
				VALIDATE_PRODUCT = YES;
			};
			name = Release;
		};
		64C0C3082A5BE21900F8E31E /* Debug */ = {
			isa = XCBuildConfiguration;
			baseConfigurationReference = 6C739F46CA18461D200285A5 /* Pods-OnSiteInspection.debug.xcconfig */;
			buildSettings = {
				ASSETCATALOG_COMPILER_APPICON_NAME = AppIcon;
				ASSETCATALOG_COMPILER_GLOBAL_ACCENT_COLOR_NAME = AccentColor;
				CODE_SIGN_IDENTITY = "";
				"CODE_SIGN_IDENTITY[sdk=iphoneos*]" = "";
				CODE_SIGN_STYLE = Manual;
				CURRENT_PROJECT_VERSION = 1;
				DEVELOPMENT_TEAM = "";
				"DEVELOPMENT_TEAM[sdk=iphoneos*]" = "";
				GENERATE_INFOPLIST_FILE = YES;
				INFOPLIST_FILE = OnSiteInspection/Info.plist;
				INFOPLIST_KEY_CFBundleDisplayName = "現場点検アプリ";
				INFOPLIST_KEY_LSSupportsOpeningDocumentsInPlace = YES;
				INFOPLIST_KEY_NSCameraUsageDescription = "写真を撮影するために、カメラを使用する。";
				INFOPLIST_KEY_UIApplicationSupportsIndirectInputEvents = YES;
				INFOPLIST_KEY_UILaunchStoryboardName = LaunchScreen;
				INFOPLIST_KEY_UIMainStoryboardFile = StandbyViewController;
				INFOPLIST_KEY_UIRequiresFullScreen = YES;
				INFOPLIST_KEY_UIStatusBarStyle = UIStatusBarStyleLightContent;
				INFOPLIST_KEY_UISupportedInterfaceOrientations = UIInterfaceOrientationLandscapeLeft;
				INFOPLIST_KEY_UISupportedInterfaceOrientations_iPad = UIInterfaceOrientationPortrait;
				INFOPLIST_KEY_UIUserInterfaceStyle = Light;
				IPHONEOS_DEPLOYMENT_TARGET = 17.0;
				LD_RUNPATH_SEARCH_PATHS = (
					"$(inherited)",
					"@executable_path/Frameworks",
				);
				MARKETING_VERSION = 0.1.0;
				PRODUCT_BUNDLE_IDENTIFIER = "";
				PRODUCT_NAME = "$(TARGET_NAME)";
				PROVISIONING_PROFILE_SPECIFIER = "";
				"PROVISIONING_PROFILE_SPECIFIER[sdk=iphoneos*]" = "";
				SWIFT_EMIT_LOC_STRINGS = YES;
				SWIFT_VERSION = 5.0;
				TARGETED_DEVICE_FAMILY = "1,2";
			};
			name = Debug;
		};
		64C0C3092A5BE21900F8E31E /* Release */ = {
			isa = XCBuildConfiguration;
			baseConfigurationReference = 9E276FB64AE27D171FC6E354 /* Pods-OnSiteInspection.release.xcconfig */;
			buildSettings = {
				ASSETCATALOG_COMPILER_APPICON_NAME = AppIcon;
				ASSETCATALOG_COMPILER_GLOBAL_ACCENT_COLOR_NAME = AccentColor;
				CODE_SIGN_IDENTITY = "";
				"CODE_SIGN_IDENTITY[sdk=iphoneos*]" = "";
				CODE_SIGN_STYLE = Manual;
				CURRENT_PROJECT_VERSION = 1;
				DEVELOPMENT_TEAM = "";
				"DEVELOPMENT_TEAM[sdk=iphoneos*]" = "";
				GENERATE_INFOPLIST_FILE = YES;
				INFOPLIST_FILE = OnSiteInspection/Info.plist;
				INFOPLIST_KEY_CFBundleDisplayName = "現場点検アプリ";
				INFOPLIST_KEY_LSSupportsOpeningDocumentsInPlace = YES;
				INFOPLIST_KEY_NSCameraUsageDescription = "写真を撮影するために、カメラを使用する。";
				INFOPLIST_KEY_UIApplicationSupportsIndirectInputEvents = YES;
				INFOPLIST_KEY_UILaunchStoryboardName = LaunchScreen;
				INFOPLIST_KEY_UIMainStoryboardFile = StandbyViewController;
				INFOPLIST_KEY_UIRequiresFullScreen = YES;
				INFOPLIST_KEY_UIStatusBarStyle = UIStatusBarStyleLightContent;
				INFOPLIST_KEY_UISupportedInterfaceOrientations = UIInterfaceOrientationLandscapeLeft;
				INFOPLIST_KEY_UISupportedInterfaceOrientations_iPad = UIInterfaceOrientationPortrait;
				INFOPLIST_KEY_UIUserInterfaceStyle = Light;
				IPHONEOS_DEPLOYMENT_TARGET = 17.0;
				LD_RUNPATH_SEARCH_PATHS = (
					"$(inherited)",
					"@executable_path/Frameworks",
				);
				MARKETING_VERSION = 0.1.0;
				PRODUCT_BUNDLE_IDENTIFIER = "";
				PRODUCT_NAME = "$(TARGET_NAME)";
				PROVISIONING_PROFILE_SPECIFIER = "";
				"PROVISIONING_PROFILE_SPECIFIER[sdk=iphoneos*]" = "";
				SWIFT_EMIT_LOC_STRINGS = YES;
				SWIFT_VERSION = 5.0;
				TARGETED_DEVICE_FAMILY = "1,2";
			};
			name = Release;
		};
		64C0C30B2A5BE21900F8E31E /* Debug */ = {
			isa = XCBuildConfiguration;
			buildSettings = {
				ALWAYS_EMBED_SWIFT_STANDARD_LIBRARIES = YES;
				BUNDLE_LOADER = "$(TEST_HOST)";
				CODE_SIGN_STYLE = Automatic;
				CURRENT_PROJECT_VERSION = 1;
				DEVELOPMENT_TEAM = "";
				GENERATE_INFOPLIST_FILE = YES;
				IPHONEOS_DEPLOYMENT_TARGET = 16.0;
				MARKETING_VERSION = 1.0;
				PRODUCT_BUNDLE_IDENTIFIER = "";
				PRODUCT_NAME = "$(TARGET_NAME)";
				SWIFT_EMIT_LOC_STRINGS = NO;
				SWIFT_VERSION = 5.0;
				TARGETED_DEVICE_FAMILY = "1,2";
				TEST_HOST = "$(BUILT_PRODUCTS_DIR)/OnSiteInspection.app/$(BUNDLE_EXECUTABLE_FOLDER_PATH)/OnSiteInspection";
			};
			name = Debug;
		};
		64C0C30C2A5BE21900F8E31E /* Release */ = {
			isa = XCBuildConfiguration;
			buildSettings = {
				ALWAYS_EMBED_SWIFT_STANDARD_LIBRARIES = YES;
				BUNDLE_LOADER = "$(TEST_HOST)";
				CODE_SIGN_STYLE = Automatic;
				CURRENT_PROJECT_VERSION = 1;
				DEVELOPMENT_TEAM = "";
				GENERATE_INFOPLIST_FILE = YES;
				IPHONEOS_DEPLOYMENT_TARGET = 16.0;
				MARKETING_VERSION = 1.0;
				PRODUCT_BUNDLE_IDENTIFIER = "";
				PRODUCT_NAME = "$(TARGET_NAME)";
				SWIFT_EMIT_LOC_STRINGS = NO;
				SWIFT_VERSION = 5.0;
				TARGETED_DEVICE_FAMILY = "1,2";
				TEST_HOST = "$(BUILT_PRODUCTS_DIR)/OnSiteInspection.app/$(BUNDLE_EXECUTABLE_FOLDER_PATH)/OnSiteInspection";
			};
			name = Release;
		};
		64C0C30E2A5BE21900F8E31E /* Debug */ = {
			isa = XCBuildConfiguration;
			buildSettings = {
				ALWAYS_EMBED_SWIFT_STANDARD_LIBRARIES = YES;
				CODE_SIGN_STYLE = Automatic;
				CURRENT_PROJECT_VERSION = 1;
				DEVELOPMENT_TEAM = "";
				GENERATE_INFOPLIST_FILE = YES;
				MARKETING_VERSION = 1.0;
				PRODUCT_BUNDLE_IDENTIFIER = "";
				PRODUCT_NAME = "$(TARGET_NAME)";
				SWIFT_EMIT_LOC_STRINGS = NO;
				SWIFT_VERSION = 5.0;
				TARGETED_DEVICE_FAMILY = "1,2";
				TEST_TARGET_NAME = OnSiteInspection;
			};
			name = Debug;
		};
		64C0C30F2A5BE21900F8E31E /* Release */ = {
			isa = XCBuildConfiguration;
			buildSettings = {
				ALWAYS_EMBED_SWIFT_STANDARD_LIBRARIES = YES;
				CODE_SIGN_STYLE = Automatic;
				CURRENT_PROJECT_VERSION = 1;
				DEVELOPMENT_TEAM = "";
				GENERATE_INFOPLIST_FILE = YES;
				MARKETING_VERSION = 1.0;
				PRODUCT_BUNDLE_IDENTIFIER = "";
				PRODUCT_NAME = "$(TARGET_NAME)";
				SWIFT_EMIT_LOC_STRINGS = NO;
				SWIFT_VERSION = 5.0;
				TARGETED_DEVICE_FAMILY = "1,2";
				TEST_TARGET_NAME = OnSiteInspection;
			};
			name = Release;
		};
/* End XCBuildConfiguration section */

/* Begin XCConfigurationList section */
		64C0C2D82A5BE21800F8E31E /* Build configuration list for PBXProject "OnSiteInspection" */ = {
			isa = XCConfigurationList;
			buildConfigurations = (
				64C0C3052A5BE21900F8E31E /* Debug */,
				64C0C3062A5BE21900F8E31E /* Release */,
			);
			defaultConfigurationIsVisible = 0;
			defaultConfigurationName = Release;
		};
		64C0C3072A5BE21900F8E31E /* Build configuration list for PBXNativeTarget "OnSiteInspection" */ = {
			isa = XCConfigurationList;
			buildConfigurations = (
				64C0C3082A5BE21900F8E31E /* Debug */,
				64C0C3092A5BE21900F8E31E /* Release */,
			);
			defaultConfigurationIsVisible = 0;
			defaultConfigurationName = Release;
		};
		64C0C30A2A5BE21900F8E31E /* Build configuration list for PBXNativeTarget "OnSiteInspectionTests" */ = {
			isa = XCConfigurationList;
			buildConfigurations = (
				64C0C30B2A5BE21900F8E31E /* Debug */,
				64C0C30C2A5BE21900F8E31E /* Release */,
			);
			defaultConfigurationIsVisible = 0;
			defaultConfigurationName = Release;
		};
		64C0C30D2A5BE21900F8E31E /* Build configuration list for PBXNativeTarget "OnSiteInspectionUITests" */ = {
			isa = XCConfigurationList;
			buildConfigurations = (
				64C0C30E2A5BE21900F8E31E /* Debug */,
				64C0C30F2A5BE21900F8E31E /* Release */,
			);
			defaultConfigurationIsVisible = 0;
			defaultConfigurationName = Release;
		};
/* End XCConfigurationList section */
	};
	rootObject = 64C0C2D52A5BE21800F8E31E /* Project object */;
}
