PODS:
  - APIKit (5.4.0)
  - NVActivityIndicatorView (5.1.1):
    - NVActivityIndicatorView/Base (= 5.1.1)
  - NVActivityIndicatorView/Base (5.1.1)
  - ObjcExceptionBridging (1.0.1):
    - ObjcExceptionBridging/ObjcExceptionBridging (= 1.0.1)
  - ObjcExceptionBridging/ObjcExceptionBridging (1.0.1)
  - R.swift (7.3.2)
  - Realm (10.43.0):
    - Realm/Headers (= 10.43.0)
  - Realm/Headers (10.43.0)
  - RealmSwift (10.43.0):
    - Realm (= 10.43.0)
  - Swinject (2.7.1)
  - SwinjectStoryboard (2.2.2):
    - Swinject (~> 2.7.1)
  - XCGLogger (7.0.1):
    - XCGLogger/Core (= 7.0.1)
  - XCGLogger/Core (7.0.1):
    - ObjcExceptionBridging

DEPENDENCIES:
  - APIKit
  - NVActivityIndicatorView
  - R.swift
  - RealmSwift
  - Swinject
  - SwinjectStoryboard
  - XCGLogger

SPEC REPOS:
  trunk:
    - APIKit
    - NVActivityIndicatorView
    - ObjcExceptionBridging
    - R.swift
    - Realm
    - RealmSwift
    - Swinject
    - SwinjectStoryboard
    - XCGLogger

SPEC CHECKSUMS:
  APIKit: 0680e86d2e8abd5bc42e64963f5f89d209eb9271
  NVActivityIndicatorView: 1f6c5687f1171810aa27a3296814dc2d7dec3667
  ObjcExceptionBridging: c30e00eb3700467e695faeea30e26e18bd445001
  R.swift: 0af0d882f49f03711415cb4e5215daa977d8a480
  Realm: fc65bea3f5c3da2ecdc76324f180e054e7cf4eb0
  RealmSwift: a7d48361c585769690c175428cc2bf15e1074444
  Swinject: ddf78b8486dd9b71a667b852cad919ab4484478e
  SwinjectStoryboard: 240ce371396da09a4c43c72ee5c148108500e184
  XCGLogger: 1943831ef907df55108b0b18657953f868de973b

PODFILE CHECKSUM: f256c7a97a6393e50c2a60a2107ee8586c21d0e2

COCOAPODS: 1.13.0
